<?xml version="1.0" encoding="UTF-8"?>
<!DOCTYPE plist PUBLIC "-//Apple//DTD PLIST 1.0//EN" "http://www.apple.com/DTDs/PropertyList-1.0.dtd">
<plist version="1.0">
<dict>
	<key>archiveVersion</key>
	<string>1</string>
	<key>classes</key>
	<dict/>
	<key>objectVersion</key>
	<string>46</string>
	<key>objects</key>
	<dict>
		<key>032CD463ECBA145D97825756</key>
		<dict>
			<key>fileRef</key>
			<string>E44FC2E5E97BED855E4BF927</string>
			<key>isa</key>
			<string>PBXBuildFile</string>
		</dict>
		<key>2A0336AC34EB2812E9926167</key>
		<dict>
			<key>includeInIndex</key>
			<string>1</string>
			<key>isa</key>
			<string>PBXFileReference</string>
			<key>lastKnownFileType</key>
			<string>text.xcconfig</string>
			<key>name</key>
			<string>Pods.debug.xcconfig</string>
			<key>path</key>
			<string>Pods/Target Support Files/Pods/Pods.debug.xcconfig</string>
			<key>sourceTree</key>
			<string>&lt;group&gt;</string>
		</dict>
		<key>359281FF38B46D9E6FD05007</key>
		<dict>
			<key>buildActionMask</key>
			<string>2147483647</string>
			<key>files</key>
			<array/>
			<key>inputPaths</key>
			<array/>
			<key>isa</key>
			<string>PBXShellScriptBuildPhase</string>
			<key>name</key>
			<string>Copy Pods Resources</string>
			<key>outputPaths</key>
			<array/>
			<key>runOnlyForDeploymentPostprocessing</key>
			<string>0</string>
			<key>shellPath</key>
			<string>/bin/sh</string>
			<key>shellScript</key>
			<string>"${SRCROOT}/Pods/Target Support Files/Pods/Pods-resources.sh"
</string>
			<key>showEnvVarsInLog</key>
			<string>0</string>
		</dict>
		<key>4AF0451F306AC15A787A503A</key>
		<dict>
			<key>children</key>
			<array>
				<string>2A0336AC34EB2812E9926167</string>
				<string>668EF0960EA400E49BD80DDB</string>
			</array>
			<key>isa</key>
			<string>PBXGroup</string>
			<key>name</key>
			<string>Pods</string>
			<key>sourceTree</key>
			<string>&lt;group&gt;</string>
		</dict>
		<key>668EF0960EA400E49BD80DDB</key>
		<dict>
			<key>includeInIndex</key>
			<string>1</string>
			<key>isa</key>
			<string>PBXFileReference</string>
			<key>lastKnownFileType</key>
			<string>text.xcconfig</string>
			<key>name</key>
			<string>Pods.release.xcconfig</string>
			<key>path</key>
			<string>Pods/Target Support Files/Pods/Pods.release.xcconfig</string>
			<key>sourceTree</key>
			<string>&lt;group&gt;</string>
		</dict>
		<key>7173D2543D76521F38DF31F5</key>
		<dict>
			<key>buildActionMask</key>
			<string>2147483647</string>
			<key>files</key>
			<array/>
			<key>inputPaths</key>
			<array/>
			<key>isa</key>
			<string>PBXShellScriptBuildPhase</string>
			<key>name</key>
			<string>Check Pods Manifest.lock</string>
			<key>outputPaths</key>
			<array/>
			<key>runOnlyForDeploymentPostprocessing</key>
			<string>0</string>
			<key>shellPath</key>
			<string>/bin/sh</string>
			<key>shellScript</key>
			<string>diff "${PODS_ROOT}/../Podfile.lock" "${PODS_ROOT}/Manifest.lock" &gt; /dev/null
if [[ $? != 0 ]] ; then
    cat &lt;&lt; EOM
error: The sandbox is not in sync with the Podfile.lock. Run 'pod install' or update your CocoaPods installation.
EOM
    exit 1
fi
</string>
			<key>showEnvVarsInLog</key>
			<string>0</string>
		</dict>
		<key>BD0E8AC51657526900E3344E</key>
		<dict>
			<key>buildActionMask</key>
			<string>2147483647</string>
			<key>files</key>
			<array>
				<string>BD0E8AD51657526900E3344E</string>
				<string>BD0E8AD91657526900E3344E</string>
				<string>BD0E8ADC1657526900E3344E</string>
				<string>BD0E8ADF1657526900E3344E</string>
				<string>BD0E8AE21657526900E3344E</string>
				<string>BD14626F16589434005BD350</string>
				<string>BDE608051662B36700E082A3</string>
			</array>
			<key>isa</key>
			<string>PBXSourcesBuildPhase</string>
			<key>runOnlyForDeploymentPostprocessing</key>
			<string>0</string>
		</dict>
		<key>BD0E8AC61657526900E3344E</key>
		<dict>
			<key>buildActionMask</key>
			<string>2147483647</string>
			<key>files</key>
			<array>
				<string>BD0E8B0016575A8D00E3344E</string>
				<string>BD0E8ACB1657526900E3344E</string>
				<string>BD0E8ACC1657526900E3344E</string>
				<string>BD0E8ACD1657526900E3344E</string>
				<string>BDE608061662BD8E00E082A3</string>
				<string>BDE608071662BD9A00E082A3</string>
			</array>
			<key>isa</key>
			<string>PBXFrameworksBuildPhase</string>
			<key>runOnlyForDeploymentPostprocessing</key>
			<string>0</string>
		</dict>
		<key>BD0E8AC71657526900E3344E</key>
		<dict>
			<key>buildActionMask</key>
			<string>2147483647</string>
			<key>files</key>
			<array>
				<string>BD0E8AD31657526900E3344E</string>
				<string>BD0E8B0416575D5400E3344E</string>
				<string>BD146258165760DA005BD350</string>
				<string>BD146266165853CF005BD350</string>
				<string>BD14626A165855D9005BD350</string>
				<string>BD14626B165893DF005BD350</string>
				<string>BD2D7C3718A6A1BA007B627A</string>
				<string>BDE6080B1662BECD00E082A3</string>
				<string>BDE6080D1662BF4500E082A3</string>
			</array>
			<key>isa</key>
			<string>PBXResourcesBuildPhase</string>
			<key>runOnlyForDeploymentPostprocessing</key>
			<string>0</string>
		</dict>
		<key>BD0E8AC81657526900E3344E</key>
		<dict>
			<key>buildConfigurationList</key>
			<string>BD0E8AFA1657526A00E3344E</string>
			<key>buildPhases</key>
			<array>
				<string>BD0E8AC51657526900E3344E</string>
				<string>BD0E8AC61657526900E3344E</string>
				<string>BD0E8AC71657526900E3344E</string>
			</array>
			<key>buildRules</key>
			<array/>
			<key>dependencies</key>
			<array/>
			<key>isa</key>
			<string>PBXNativeTarget</string>
			<key>name</key>
			<string>Ask Hafez iPad</string>
			<key>productName</key>
			<string>Ask Hafez iPad</string>
			<key>productReference</key>
			<string>BD0E8AC91657526900E3344E</string>
			<key>productType</key>
			<string>com.apple.product-type.application</string>
		</dict>
		<key>BD0E8AC91657526900E3344E</key>
		<dict>
			<key>explicitFileType</key>
			<string>wrapper.application</string>
			<key>includeInIndex</key>
			<string>0</string>
			<key>isa</key>
			<string>PBXFileReference</string>
			<key>path</key>
			<string>Ask Hafez iPad.app</string>
			<key>sourceTree</key>
			<string>BUILT_PRODUCTS_DIR</string>
		</dict>
		<key>BD0E8ACB1657526900E3344E</key>
		<dict>
			<key>fileRef</key>
			<string>BDF5DBF916477AAE00A731A1</string>
			<key>isa</key>
			<string>PBXBuildFile</string>
		</dict>
		<key>BD0E8ACC1657526900E3344E</key>
		<dict>
			<key>fileRef</key>
			<string>BDF5DBFB16477AAE00A731A1</string>
			<key>isa</key>
			<string>PBXBuildFile</string>
		</dict>
		<key>BD0E8ACD1657526900E3344E</key>
		<dict>
			<key>fileRef</key>
			<string>BDF5DBFD16477AAE00A731A1</string>
			<key>isa</key>
			<string>PBXBuildFile</string>
		</dict>
		<key>BD0E8ACE1657526900E3344E</key>
		<dict>
			<key>children</key>
			<array>
				<string>BD91931B166281F3009E472D</string>
				<string>BD2D7C3518A6A1BA007B627A</string>
				<string>BD91931C166281F3009E472D</string>
				<string>BD14626C16589434005BD350</string>
				<string>BD14626D16589434005BD350</string>
				<string>BD0E8AD71657526900E3344E</string>
				<string>BD0E8AD81657526900E3344E</string>
				<string>BD0E8ADA1657526900E3344E</string>
				<string>BD0E8ADB1657526900E3344E</string>
				<string>BD0E8ADD1657526900E3344E</string>
				<string>BD0E8ADE1657526900E3344E</string>
				<string>BD0E8AE01657526900E3344E</string>
				<string>BD0E8AE11657526900E3344E</string>
				<string>BD0E8ACF1657526900E3344E</string>
				<string>BD0E8B0116575ADD00E3344E</string>
				<string>BD0E8B0216575ADD00E3344E</string>
			</array>
			<key>isa</key>
			<string>PBXGroup</string>
			<key>path</key>
			<string>Ask Hafez iPad</string>
			<key>sourceTree</key>
			<string>&lt;group&gt;</string>
		</dict>
		<key>BD0E8ACF1657526900E3344E</key>
		<dict>
			<key>children</key>
			<array>
				<string>BD0E8AD01657526900E3344E</string>
				<string>BD0E8AD11657526900E3344E</string>
				<string>BD0E8AD41657526900E3344E</string>
				<string>BD0E8AD61657526900E3344E</string>
			</array>
			<key>isa</key>
			<string>PBXGroup</string>
			<key>name</key>
			<string>Supporting Files</string>
			<key>sourceTree</key>
			<string>&lt;group&gt;</string>
		</dict>
		<key>BD0E8AD01657526900E3344E</key>
		<dict>
			<key>isa</key>
			<string>PBXFileReference</string>
			<key>lastKnownFileType</key>
			<string>text.plist.xml</string>
			<key>path</key>
			<string>Ask Hafez iPad-Info.plist</string>
			<key>sourceTree</key>
			<string>&lt;group&gt;</string>
		</dict>
		<key>BD0E8AD11657526900E3344E</key>
		<dict>
			<key>children</key>
			<array>
				<string>BD0E8AD21657526900E3344E</string>
			</array>
			<key>isa</key>
			<string>PBXVariantGroup</string>
			<key>name</key>
			<string>InfoPlist.strings</string>
			<key>sourceTree</key>
			<string>&lt;group&gt;</string>
		</dict>
		<key>BD0E8AD21657526900E3344E</key>
		<dict>
			<key>isa</key>
			<string>PBXFileReference</string>
			<key>lastKnownFileType</key>
			<string>text.plist.strings</string>
			<key>name</key>
			<string>en</string>
			<key>path</key>
			<string>en.lproj/InfoPlist.strings</string>
			<key>sourceTree</key>
			<string>&lt;group&gt;</string>
		</dict>
		<key>BD0E8AD31657526900E3344E</key>
		<dict>
			<key>fileRef</key>
			<string>BD0E8AD11657526900E3344E</string>
			<key>isa</key>
			<string>PBXBuildFile</string>
		</dict>
		<key>BD0E8AD41657526900E3344E</key>
		<dict>
			<key>isa</key>
			<string>PBXFileReference</string>
			<key>lastKnownFileType</key>
			<string>sourcecode.c.objc</string>
			<key>path</key>
			<string>main.m</string>
			<key>sourceTree</key>
			<string>&lt;group&gt;</string>
		</dict>
		<key>BD0E8AD51657526900E3344E</key>
		<dict>
			<key>fileRef</key>
			<string>BD0E8AD41657526900E3344E</string>
			<key>isa</key>
			<string>PBXBuildFile</string>
		</dict>
		<key>BD0E8AD61657526900E3344E</key>
		<dict>
			<key>isa</key>
			<string>PBXFileReference</string>
			<key>lastKnownFileType</key>
			<string>sourcecode.c.h</string>
			<key>path</key>
			<string>Ask Hafez iPad-Prefix.pch</string>
			<key>sourceTree</key>
			<string>&lt;group&gt;</string>
		</dict>
		<key>BD0E8AD71657526900E3344E</key>
		<dict>
			<key>isa</key>
			<string>PBXFileReference</string>
			<key>lastKnownFileType</key>
			<string>sourcecode.c.h</string>
			<key>path</key>
			<string>HafezAppDelegate.h</string>
			<key>sourceTree</key>
			<string>&lt;group&gt;</string>
		</dict>
		<key>BD0E8AD81657526900E3344E</key>
		<dict>
			<key>isa</key>
			<string>PBXFileReference</string>
			<key>lastKnownFileType</key>
			<string>sourcecode.c.objc</string>
			<key>path</key>
			<string>HafezAppDelegate.m</string>
			<key>sourceTree</key>
			<string>&lt;group&gt;</string>
		</dict>
		<key>BD0E8AD91657526900E3344E</key>
		<dict>
			<key>fileRef</key>
			<string>BD0E8AD81657526900E3344E</string>
			<key>isa</key>
			<string>PBXBuildFile</string>
		</dict>
		<key>BD0E8ADA1657526900E3344E</key>
		<dict>
			<key>isa</key>
			<string>PBXFileReference</string>
			<key>lastKnownFileType</key>
			<string>sourcecode.c.h</string>
			<key>path</key>
			<string>HafezRootViewController.h</string>
			<key>sourceTree</key>
			<string>&lt;group&gt;</string>
		</dict>
		<key>BD0E8ADB1657526900E3344E</key>
		<dict>
			<key>isa</key>
			<string>PBXFileReference</string>
			<key>lastKnownFileType</key>
			<string>sourcecode.c.objc</string>
			<key>path</key>
			<string>HafezRootViewController.m</string>
			<key>sourceTree</key>
			<string>&lt;group&gt;</string>
		</dict>
		<key>BD0E8ADC1657526900E3344E</key>
		<dict>
			<key>fileRef</key>
			<string>BD0E8ADB1657526900E3344E</string>
			<key>isa</key>
			<string>PBXBuildFile</string>
		</dict>
		<key>BD0E8ADD1657526900E3344E</key>
		<dict>
			<key>isa</key>
			<string>PBXFileReference</string>
			<key>lastKnownFileType</key>
			<string>sourcecode.c.h</string>
			<key>path</key>
			<string>HafezDataViewController.h</string>
			<key>sourceTree</key>
			<string>&lt;group&gt;</string>
		</dict>
		<key>BD0E8ADE1657526900E3344E</key>
		<dict>
			<key>isa</key>
			<string>PBXFileReference</string>
			<key>lastKnownFileType</key>
			<string>sourcecode.c.objc</string>
			<key>path</key>
			<string>HafezDataViewController.m</string>
			<key>sourceTree</key>
			<string>&lt;group&gt;</string>
		</dict>
		<key>BD0E8ADF1657526900E3344E</key>
		<dict>
			<key>fileRef</key>
			<string>BD0E8ADE1657526900E3344E</string>
			<key>isa</key>
			<string>PBXBuildFile</string>
		</dict>
		<key>BD0E8AE01657526900E3344E</key>
		<dict>
			<key>isa</key>
			<string>PBXFileReference</string>
			<key>lastKnownFileType</key>
			<string>sourcecode.c.h</string>
			<key>path</key>
			<string>HafezModelController.h</string>
			<key>sourceTree</key>
			<string>&lt;group&gt;</string>
		</dict>
		<key>BD0E8AE11657526900E3344E</key>
		<dict>
			<key>isa</key>
			<string>PBXFileReference</string>
			<key>lastKnownFileType</key>
			<string>sourcecode.c.objc</string>
			<key>path</key>
			<string>HafezModelController.m</string>
			<key>sourceTree</key>
			<string>&lt;group&gt;</string>
		</dict>
		<key>BD0E8AE21657526900E3344E</key>
		<dict>
			<key>fileRef</key>
			<string>BD0E8AE11657526900E3344E</string>
			<key>isa</key>
			<string>PBXBuildFile</string>
		</dict>
		<key>BD0E8AE61657526A00E3344E</key>
		<dict>
			<key>buildActionMask</key>
			<string>2147483647</string>
			<key>files</key>
			<array>
				<string>BD0E8AF91657526A00E3344E</string>
			</array>
			<key>isa</key>
			<string>PBXSourcesBuildPhase</string>
			<key>runOnlyForDeploymentPostprocessing</key>
			<string>0</string>
		</dict>
		<key>BD0E8AE71657526A00E3344E</key>
		<dict>
			<key>buildActionMask</key>
			<string>2147483647</string>
			<key>files</key>
			<array>
				<string>BD0E8AEC1657526A00E3344E</string>
				<string>BD0E8AED1657526A00E3344E</string>
				<string>BD0E8AEE1657526A00E3344E</string>
			</array>
			<key>isa</key>
			<string>PBXFrameworksBuildPhase</string>
			<key>runOnlyForDeploymentPostprocessing</key>
			<string>0</string>
		</dict>
		<key>BD0E8AE81657526A00E3344E</key>
		<dict>
			<key>buildActionMask</key>
			<string>2147483647</string>
			<key>files</key>
			<array>
				<string>BD0E8AF61657526A00E3344E</string>
			</array>
			<key>isa</key>
			<string>PBXResourcesBuildPhase</string>
			<key>runOnlyForDeploymentPostprocessing</key>
			<string>0</string>
		</dict>
		<key>BD0E8AE91657526A00E3344E</key>
		<dict>
			<key>buildActionMask</key>
			<string>2147483647</string>
			<key>files</key>
			<array/>
			<key>inputPaths</key>
			<array/>
			<key>isa</key>
			<string>PBXShellScriptBuildPhase</string>
			<key>outputPaths</key>
			<array/>
			<key>runOnlyForDeploymentPostprocessing</key>
			<string>0</string>
			<key>shellPath</key>
			<string>/bin/sh</string>
			<key>shellScript</key>
			<string># Run the unit tests in this test bundle.
"${SYSTEM_DEVELOPER_DIR}/Tools/RunUnitTests"
</string>
		</dict>
		<key>BD0E8AEA1657526A00E3344E</key>
		<dict>
			<key>buildConfigurationList</key>
			<string>BD0E8AFD1657526A00E3344E</string>
			<key>buildPhases</key>
			<array>
				<string>BD0E8AE61657526A00E3344E</string>
				<string>BD0E8AE71657526A00E3344E</string>
				<string>BD0E8AE81657526A00E3344E</string>
				<string>BD0E8AE91657526A00E3344E</string>
			</array>
			<key>buildRules</key>
			<array/>
			<key>dependencies</key>
			<array>
				<string>BD0E8AF01657526A00E3344E</string>
			</array>
			<key>isa</key>
			<string>PBXNativeTarget</string>
			<key>name</key>
			<string>Ask Hafez iPadTests</string>
			<key>productName</key>
			<string>Ask Hafez iPadTests</string>
			<key>productReference</key>
			<string>BD0E8AEB1657526A00E3344E</string>
			<key>productType</key>
			<string>com.apple.product-type.bundle.ocunit-test</string>
		</dict>
		<key>BD0E8AEB1657526A00E3344E</key>
		<dict>
			<key>explicitFileType</key>
			<string>wrapper.cfbundle</string>
			<key>includeInIndex</key>
			<string>0</string>
			<key>isa</key>
			<string>PBXFileReference</string>
			<key>path</key>
			<string>Ask Hafez iPadTests.octest</string>
			<key>sourceTree</key>
			<string>BUILT_PRODUCTS_DIR</string>
		</dict>
		<key>BD0E8AEC1657526A00E3344E</key>
		<dict>
			<key>fileRef</key>
			<string>BDF5DC2516477AAF00A731A1</string>
			<key>isa</key>
			<string>PBXBuildFile</string>
		</dict>
		<key>BD0E8AED1657526A00E3344E</key>
		<dict>
			<key>fileRef</key>
			<string>BDF5DBF916477AAE00A731A1</string>
			<key>isa</key>
			<string>PBXBuildFile</string>
		</dict>
		<key>BD0E8AEE1657526A00E3344E</key>
		<dict>
			<key>fileRef</key>
			<string>BDF5DBFB16477AAE00A731A1</string>
			<key>isa</key>
			<string>PBXBuildFile</string>
		</dict>
		<key>BD0E8AEF1657526A00E3344E</key>
		<dict>
			<key>containerPortal</key>
			<string>BDF5DBEC16477AAE00A731A1</string>
			<key>isa</key>
			<string>PBXContainerItemProxy</string>
			<key>proxyType</key>
			<string>1</string>
			<key>remoteGlobalIDString</key>
			<string>BD0E8AC81657526900E3344E</string>
			<key>remoteInfo</key>
			<string>Ask Hafez iPad</string>
		</dict>
		<key>BD0E8AF01657526A00E3344E</key>
		<dict>
			<key>isa</key>
			<string>PBXTargetDependency</string>
			<key>target</key>
			<string>BD0E8AC81657526900E3344E</string>
			<key>targetProxy</key>
			<string>BD0E8AEF1657526A00E3344E</string>
		</dict>
		<key>BD0E8AF11657526A00E3344E</key>
		<dict>
			<key>children</key>
			<array>
				<string>BD0E8AF71657526A00E3344E</string>
				<string>BD0E8AF81657526A00E3344E</string>
				<string>BD0E8AF21657526A00E3344E</string>
			</array>
			<key>isa</key>
			<string>PBXGroup</string>
			<key>path</key>
			<string>Ask Hafez iPadTests</string>
			<key>sourceTree</key>
			<string>&lt;group&gt;</string>
		</dict>
		<key>BD0E8AF21657526A00E3344E</key>
		<dict>
			<key>children</key>
			<array>
				<string>BD0E8AF31657526A00E3344E</string>
				<string>BD0E8AF41657526A00E3344E</string>
			</array>
			<key>isa</key>
			<string>PBXGroup</string>
			<key>name</key>
			<string>Supporting Files</string>
			<key>sourceTree</key>
			<string>&lt;group&gt;</string>
		</dict>
		<key>BD0E8AF31657526A00E3344E</key>
		<dict>
			<key>isa</key>
			<string>PBXFileReference</string>
			<key>lastKnownFileType</key>
			<string>text.plist.xml</string>
			<key>path</key>
			<string>Ask Hafez iPadTests-Info.plist</string>
			<key>sourceTree</key>
			<string>&lt;group&gt;</string>
		</dict>
		<key>BD0E8AF41657526A00E3344E</key>
		<dict>
			<key>children</key>
			<array>
				<string>BD0E8AF51657526A00E3344E</string>
			</array>
			<key>isa</key>
			<string>PBXVariantGroup</string>
			<key>name</key>
			<string>InfoPlist.strings</string>
			<key>sourceTree</key>
			<string>&lt;group&gt;</string>
		</dict>
		<key>BD0E8AF51657526A00E3344E</key>
		<dict>
			<key>isa</key>
			<string>PBXFileReference</string>
			<key>lastKnownFileType</key>
			<string>text.plist.strings</string>
			<key>name</key>
			<string>en</string>
			<key>path</key>
			<string>en.lproj/InfoPlist.strings</string>
			<key>sourceTree</key>
			<string>&lt;group&gt;</string>
		</dict>
		<key>BD0E8AF61657526A00E3344E</key>
		<dict>
			<key>fileRef</key>
			<string>BD0E8AF41657526A00E3344E</string>
			<key>isa</key>
			<string>PBXBuildFile</string>
		</dict>
		<key>BD0E8AF71657526A00E3344E</key>
		<dict>
			<key>isa</key>
			<string>PBXFileReference</string>
			<key>lastKnownFileType</key>
			<string>sourcecode.c.h</string>
			<key>path</key>
			<string>Ask_Hafez_iPadTests.h</string>
			<key>sourceTree</key>
			<string>&lt;group&gt;</string>
		</dict>
		<key>BD0E8AF81657526A00E3344E</key>
		<dict>
			<key>isa</key>
			<string>PBXFileReference</string>
			<key>lastKnownFileType</key>
			<string>sourcecode.c.objc</string>
			<key>path</key>
			<string>Ask_Hafez_iPadTests.m</string>
			<key>sourceTree</key>
			<string>&lt;group&gt;</string>
		</dict>
		<key>BD0E8AF91657526A00E3344E</key>
		<dict>
			<key>fileRef</key>
			<string>BD0E8AF81657526A00E3344E</string>
			<key>isa</key>
			<string>PBXBuildFile</string>
		</dict>
		<key>BD0E8AFA1657526A00E3344E</key>
		<dict>
			<key>buildConfigurations</key>
			<array>
				<string>BD0E8AFB1657526A00E3344E</string>
				<string>BD0E8AFC1657526A00E3344E</string>
			</array>
			<key>defaultConfigurationIsVisible</key>
			<string>0</string>
			<key>defaultConfigurationName</key>
			<string>Release</string>
			<key>isa</key>
			<string>XCConfigurationList</string>
		</dict>
		<key>BD0E8AFB1657526A00E3344E</key>
		<dict>
			<key>buildSettings</key>
			<dict>
				<key>CODE_SIGN_IDENTITY</key>
				<string>iPhone Developer: Roozbeh Zabihollahi (997C6ET7Z5)</string>
				<key>CODE_SIGN_IDENTITY[sdk=iphoneos*]</key>
				<string>iPhone Developer: Roozbeh Zabihollahi (997C6ET7Z5)</string>
				<key>GCC_PRECOMPILE_PREFIX_HEADER</key>
				<string>YES</string>
				<key>GCC_PREFIX_HEADER</key>
				<string>Ask Hafez iPad/Ask Hafez iPad-Prefix.pch</string>
				<key>INFOPLIST_FILE</key>
				<string>Ask Hafez iPad/Ask Hafez iPad-Info.plist</string>
				<key>IPHONEOS_DEPLOYMENT_TARGET</key>
				<string>5.0</string>
				<key>LIBRARY_SEARCH_PATHS</key>
				<array>
					<string>$(inherited)</string>
					<string>"$(SRCROOT)/AskHafezNative4"</string>
				</array>
				<key>PRODUCT_NAME</key>
				<string>$(TARGET_NAME)</string>
				<key>PROVISIONING_PROFILE</key>
				<string>A260B2D1-3D30-43EF-8C3C-9DBAB864C59A</string>
				<key>PROVISIONING_PROFILE[sdk=iphoneos*]</key>
				<string>A260B2D1-3D30-43EF-8C3C-9DBAB864C59A</string>
				<key>TARGETED_DEVICE_FAMILY</key>
				<string>2</string>
				<key>WRAPPER_EXTENSION</key>
				<string>app</string>
			</dict>
			<key>isa</key>
			<string>XCBuildConfiguration</string>
			<key>name</key>
			<string>Debug</string>
		</dict>
		<key>BD0E8AFC1657526A00E3344E</key>
		<dict>
			<key>buildSettings</key>
			<dict>
				<key>CODE_SIGN_IDENTITY</key>
				<string>iPhone Developer: Roozbeh Zabihollahi (997C6ET7Z5)</string>
				<key>CODE_SIGN_IDENTITY[sdk=iphoneos*]</key>
				<string>iPhone Developer: Roozbeh Zabihollahi (997C6ET7Z5)</string>
				<key>GCC_PRECOMPILE_PREFIX_HEADER</key>
				<string>YES</string>
				<key>GCC_PREFIX_HEADER</key>
				<string>Ask Hafez iPad/Ask Hafez iPad-Prefix.pch</string>
				<key>INFOPLIST_FILE</key>
				<string>Ask Hafez iPad/Ask Hafez iPad-Info.plist</string>
				<key>IPHONEOS_DEPLOYMENT_TARGET</key>
				<string>5.0</string>
				<key>LIBRARY_SEARCH_PATHS</key>
				<array>
					<string>$(inherited)</string>
					<string>"$(SRCROOT)/AskHafezNative4"</string>
				</array>
				<key>PRODUCT_NAME</key>
				<string>$(TARGET_NAME)</string>
				<key>PROVISIONING_PROFILE</key>
				<string>A260B2D1-3D30-43EF-8C3C-9DBAB864C59A</string>
				<key>PROVISIONING_PROFILE[sdk=iphoneos*]</key>
				<string>A260B2D1-3D30-43EF-8C3C-9DBAB864C59A</string>
				<key>TARGETED_DEVICE_FAMILY</key>
				<string>2</string>
				<key>WRAPPER_EXTENSION</key>
				<string>app</string>
			</dict>
			<key>isa</key>
			<string>XCBuildConfiguration</string>
			<key>name</key>
			<string>Release</string>
		</dict>
		<key>BD0E8AFD1657526A00E3344E</key>
		<dict>
			<key>buildConfigurations</key>
			<array>
				<string>BD0E8AFE1657526A00E3344E</string>
				<string>BD0E8AFF1657526A00E3344E</string>
			</array>
			<key>defaultConfigurationIsVisible</key>
			<string>0</string>
			<key>defaultConfigurationName</key>
			<string>Release</string>
			<key>isa</key>
			<string>XCConfigurationList</string>
		</dict>
		<key>BD0E8AFE1657526A00E3344E</key>
		<dict>
			<key>buildSettings</key>
			<dict>
				<key>BUNDLE_LOADER</key>
				<string>$(BUILT_PRODUCTS_DIR)/Ask Hafez iPad.app/Ask Hafez iPad</string>
				<key>FRAMEWORK_SEARCH_PATHS</key>
				<array>
					<string>$(SDKROOT)/Developer/Library/Frameworks</string>
					<string>$(DEVELOPER_LIBRARY_DIR)/Frameworks</string>
				</array>
				<key>GCC_PRECOMPILE_PREFIX_HEADER</key>
				<string>YES</string>
				<key>GCC_PREFIX_HEADER</key>
				<string>Ask Hafez iPad/Ask Hafez iPad-Prefix.pch</string>
				<key>INFOPLIST_FILE</key>
				<string>Ask Hafez iPadTests/Ask Hafez iPadTests-Info.plist</string>
				<key>IPHONEOS_DEPLOYMENT_TARGET</key>
				<string>5.0</string>
				<key>PRODUCT_NAME</key>
				<string>$(TARGET_NAME)</string>
				<key>TEST_HOST</key>
				<string>$(BUNDLE_LOADER)</string>
				<key>WRAPPER_EXTENSION</key>
				<string>octest</string>
			</dict>
			<key>isa</key>
			<string>XCBuildConfiguration</string>
			<key>name</key>
			<string>Debug</string>
		</dict>
		<key>BD0E8AFF1657526A00E3344E</key>
		<dict>
			<key>buildSettings</key>
			<dict>
				<key>BUNDLE_LOADER</key>
				<string>$(BUILT_PRODUCTS_DIR)/Ask Hafez iPad.app/Ask Hafez iPad</string>
				<key>FRAMEWORK_SEARCH_PATHS</key>
				<array>
					<string>$(SDKROOT)/Developer/Library/Frameworks</string>
					<string>$(DEVELOPER_LIBRARY_DIR)/Frameworks</string>
				</array>
				<key>GCC_PRECOMPILE_PREFIX_HEADER</key>
				<string>YES</string>
				<key>GCC_PREFIX_HEADER</key>
				<string>Ask Hafez iPad/Ask Hafez iPad-Prefix.pch</string>
				<key>INFOPLIST_FILE</key>
				<string>Ask Hafez iPadTests/Ask Hafez iPadTests-Info.plist</string>
				<key>IPHONEOS_DEPLOYMENT_TARGET</key>
				<string>5.0</string>
				<key>PRODUCT_NAME</key>
				<string>$(TARGET_NAME)</string>
				<key>TEST_HOST</key>
				<string>$(BUNDLE_LOADER)</string>
				<key>WRAPPER_EXTENSION</key>
				<string>octest</string>
			</dict>
			<key>isa</key>
			<string>XCBuildConfiguration</string>
			<key>name</key>
			<string>Release</string>
		</dict>
		<key>BD0E8B0016575A8D00E3344E</key>
		<dict>
			<key>fileRef</key>
			<string>BD56BDD21656038A006D31D7</string>
			<key>isa</key>
			<string>PBXBuildFile</string>
		</dict>
		<key>BD0E8B0116575ADD00E3344E</key>
		<dict>
			<key>fileEncoding</key>
			<string>4</string>
			<key>isa</key>
			<string>PBXFileReference</string>
			<key>lastKnownFileType</key>
			<string>sourcecode.c.h</string>
			<key>path</key>
			<string>CommonUtils.h</string>
			<key>sourceTree</key>
			<string>&lt;group&gt;</string>
		</dict>
		<key>BD0E8B0216575ADD00E3344E</key>
		<dict>
			<key>fileEncoding</key>
			<string>4</string>
			<key>isa</key>
			<string>PBXFileReference</string>
			<key>lastKnownFileType</key>
			<string>sourcecode.c.objc</string>
			<key>path</key>
			<string>CommonUtils.m</string>
			<key>sourceTree</key>
			<string>&lt;group&gt;</string>
		</dict>
		<key>BD0E8B0416575D5400E3344E</key>
		<dict>
			<key>fileRef</key>
			<string>BDF5DC4C16477BFB00A731A1</string>
			<key>isa</key>
			<string>PBXBuildFile</string>
		</dict>
		<key>BD146258165760DA005BD350</key>
		<dict>
			<key>fileRef</key>
			<string>BDF5DC4116477BE800A731A1</string>
			<key>isa</key>
			<string>PBXBuildFile</string>
		</dict>
		<key>BD146264165853CF005BD350</key>
		<dict>
			<key>isa</key>
			<string>PBXFileReference</string>
			<key>lastKnownFileType</key>
			<string>image.png</string>
			<key>name</key>
			<string>search_b.png</string>
			<key>path</key>
			<string>AskHafezNative4/images/search_b.png</string>
			<key>sourceTree</key>
			<string>&lt;group&gt;</string>
		</dict>
		<key>BD146266165853CF005BD350</key>
		<dict>
			<key>fileRef</key>
			<string>BD146264165853CF005BD350</string>
			<key>isa</key>
			<string>PBXBuildFile</string>
		</dict>
		<key>BD146268165855D9005BD350</key>
		<dict>
			<key>isa</key>
			<string>PBXFileReference</string>
			<key>lastKnownFileType</key>
			<string>image.gif</string>
			<key>name</key>
			<string>sign_post2.gif</string>
			<key>path</key>
			<string>AskHafezNative4/images/sign_post2.gif</string>
			<key>sourceTree</key>
			<string>&lt;group&gt;</string>
		</dict>
		<key>BD14626A165855D9005BD350</key>
		<dict>
			<key>fileRef</key>
			<string>BD146268165855D9005BD350</string>
			<key>isa</key>
			<string>PBXBuildFile</string>
		</dict>
		<key>BD14626B165893DF005BD350</key>
		<dict>
			<key>fileRef</key>
			<string>BDF5DC3D16477BE800A731A1</string>
			<key>isa</key>
			<string>PBXBuildFile</string>
		</dict>
		<key>BD14626C16589434005BD350</key>
		<dict>
			<key>fileEncoding</key>
			<string>4</string>
			<key>isa</key>
			<string>PBXFileReference</string>
			<key>lastKnownFileType</key>
			<string>sourcecode.c.h</string>
			<key>path</key>
			<string>FaalViewController.h</string>
			<key>sourceTree</key>
			<string>&lt;group&gt;</string>
		</dict>
		<key>BD14626D16589434005BD350</key>
		<dict>
			<key>fileEncoding</key>
			<string>4</string>
			<key>isa</key>
			<string>PBXFileReference</string>
			<key>lastKnownFileType</key>
			<string>sourcecode.c.objc</string>
			<key>path</key>
			<string>FaalViewController.m</string>
			<key>sourceTree</key>
			<string>&lt;group&gt;</string>
		</dict>
		<key>BD14626E16589434005BD350</key>
		<dict>
			<key>fileRef</key>
			<string>BD14626D16589434005BD350</string>
			<key>isa</key>
			<string>PBXBuildFile</string>
		</dict>
		<key>BD14626F16589434005BD350</key>
		<dict>
			<key>fileRef</key>
			<string>BD14626D16589434005BD350</string>
			<key>isa</key>
			<string>PBXBuildFile</string>
		</dict>
		<key>BD2D7C3518A6A1BA007B627A</key>
		<dict>
			<key>children</key>
			<array>
				<string>BD2D7C3618A6A1BA007B627A</string>
			</array>
			<key>isa</key>
			<string>PBXVariantGroup</string>
			<key>name</key>
			<string>MainStoryboard.storyboard</string>
			<key>sourceTree</key>
			<string>&lt;group&gt;</string>
		</dict>
		<key>BD2D7C3618A6A1BA007B627A</key>
		<dict>
			<key>isa</key>
			<string>PBXFileReference</string>
			<key>lastKnownFileType</key>
			<string>file.storyboard</string>
			<key>name</key>
			<string>en</string>
			<key>path</key>
			<string>en.lproj/MainStoryboard.storyboard</string>
			<key>sourceTree</key>
			<string>&lt;group&gt;</string>
		</dict>
		<key>BD2D7C3718A6A1BA007B627A</key>
		<dict>
			<key>fileRef</key>
			<string>BD2D7C3518A6A1BA007B627A</string>
			<key>isa</key>
			<string>PBXBuildFile</string>
		</dict>
		<key>BD2D7C3818A6A1DC007B627A</key>
		<dict>
			<key>fileEncoding</key>
			<string>4</string>
			<key>isa</key>
			<string>PBXFileReference</string>
			<key>lastKnownFileType</key>
			<string>file.storyboard</string>
			<key>path</key>
			<string>iPhoneMainStoryboard.storyboard</string>
			<key>sourceTree</key>
			<string>&lt;group&gt;</string>
		</dict>
		<key>BD2D7C3918A6A1DC007B627A</key>
		<dict>
			<key>fileRef</key>
			<string>BD2D7C3818A6A1DC007B627A</string>
			<key>isa</key>
			<string>PBXBuildFile</string>
		</dict>
		<key>BD2D7C3A18A6A2BA007B627A</key>
		<dict>
			<key>isa</key>
			<string>PBXFileReference</string>
			<key>lastKnownFileType</key>
			<string>folder.assetcatalog</string>
			<key>path</key>
			<string>Images.xcassets</string>
			<key>sourceTree</key>
			<string>&lt;group&gt;</string>
		</dict>
		<key>BD2D7C3B18A6A2BA007B627A</key>
		<dict>
			<key>fileRef</key>
			<string>BD2D7C3A18A6A2BA007B627A</string>
			<key>isa</key>
			<string>PBXBuildFile</string>
		</dict>
		<key>BD2D7C3C18A6A457007B627A</key>
		<dict>
			<key>children</key>
			<array>
				<string>BDF5DC1C16477AAF00A731A1</string>
				<string>BDF5DC1916477AAE00A731A1</string>
				<string>BDF5DC5316477D2700A731A1</string>
			</array>
			<key>isa</key>
			<string>PBXGroup</string>
			<key>name</key>
			<string>UI</string>
			<key>sourceTree</key>
			<string>&lt;group&gt;</string>
		</dict>
		<key>BD2D7C3D18A6A466007B627A</key>
		<dict>
			<key>children</key>
			<array>
				<string>BDF5DC5616477F2E00A731A1</string>
				<string>BDF5DC5716477F2E00A731A1</string>
				<string>BDF5DC0816477AAE00A731A1</string>
				<string>BDF5DC0916477AAE00A731A1</string>
			</array>
			<key>isa</key>
			<string>PBXGroup</string>
			<key>name</key>
			<string>Common</string>
			<key>sourceTree</key>
			<string>&lt;group&gt;</string>
		</dict>
		<key>BD2D7C3F18A6ACF5007B627A</key>
		<dict>
			<key>isa</key>
			<string>PBXFileReference</string>
			<key>lastKnownFileType</key>
			<string>image.png</string>
			<key>name</key>
			<string>mainPageBg.png</string>
			<key>path</key>
			<string>AskHafezNative4/images/mainPageBg.png</string>
			<key>sourceTree</key>
			<string>&lt;group&gt;</string>
		</dict>
		<key>BD2D7C4018A6ACF5007B627A</key>
		<dict>
			<key>fileRef</key>
			<string>BD2D7C3F18A6ACF5007B627A</string>
			<key>isa</key>
			<string>PBXBuildFile</string>
		</dict>
		<key>BD2D7C4118A6ADE1007B627A</key>
		<dict>
			<key>fileEncoding</key>
			<string>4</string>
			<key>isa</key>
			<string>PBXFileReference</string>
			<key>lastKnownFileType</key>
			<string>sourcecode.c.h</string>
			<key>name</key>
			<string>iCarousel.h</string>
			<key>path</key>
			<string>Library/iCarousel.h</string>
			<key>sourceTree</key>
			<string>&lt;group&gt;</string>
		</dict>
		<key>BD2D7C4218A6ADE1007B627A</key>
		<dict>
			<key>fileEncoding</key>
			<string>4</string>
			<key>isa</key>
			<string>PBXFileReference</string>
			<key>lastKnownFileType</key>
			<string>sourcecode.c.objc</string>
			<key>name</key>
			<string>iCarousel.m</string>
			<key>path</key>
			<string>Library/iCarousel.m</string>
			<key>sourceTree</key>
			<string>&lt;group&gt;</string>
		</dict>
		<key>BD2D7C4318A6ADE1007B627A</key>
		<dict>
			<key>fileRef</key>
			<string>BD2D7C4218A6ADE1007B627A</string>
			<key>isa</key>
			<string>PBXBuildFile</string>
		</dict>
		<key>BD2D7C4418A6B2F0007B627A</key>
		<dict>
			<key>isa</key>
			<string>PBXFileReference</string>
			<key>lastKnownFileType</key>
			<string>wrapper.framework</string>
			<key>name</key>
			<string>QuartzCore.framework</string>
			<key>path</key>
			<string>System/Library/Frameworks/QuartzCore.framework</string>
			<key>sourceTree</key>
			<string>SDKROOT</string>
		</dict>
		<key>BD2D7C4518A6B2F0007B627A</key>
		<dict>
			<key>fileRef</key>
			<string>BD2D7C4418A6B2F0007B627A</string>
			<key>isa</key>
			<string>PBXBuildFile</string>
		</dict>
		<key>BD2D7C4618A6F983007B627A</key>
		<dict>
			<key>isa</key>
			<string>PBXFileReference</string>
			<key>lastKnownFileType</key>
			<string>image.png</string>
			<key>name</key>
			<string>backBtn.png</string>
			<key>path</key>
			<string>AskHafezNative4/images/backBtn.png</string>
			<key>sourceTree</key>
			<string>&lt;group&gt;</string>
		</dict>
		<key>BD2D7C4718A6F983007B627A</key>
		<dict>
			<key>fileRef</key>
			<string>BD2D7C4618A6F983007B627A</string>
			<key>isa</key>
			<string>PBXBuildFile</string>
		</dict>
		<key>BD2D7C4818A6FAAD007B627A</key>
		<dict>
			<key>isa</key>
			<string>PBXFileReference</string>
			<key>lastKnownFileType</key>
			<string>image.png</string>
			<key>name</key>
			<string>facebookBtn.png</string>
			<key>path</key>
			<string>AskHafezNative4/images/facebookBtn.png</string>
			<key>sourceTree</key>
			<string>&lt;group&gt;</string>
		</dict>
		<key>BD2D7C4918A6FAAD007B627A</key>
		<dict>
			<key>fileRef</key>
			<string>BD2D7C4818A6FAAD007B627A</string>
			<key>isa</key>
			<string>PBXBuildFile</string>
		</dict>
		<key>BD2D7C4A18A7160F007B627A</key>
		<dict>
			<key>fileEncoding</key>
			<string>4</string>
			<key>isa</key>
			<string>PBXFileReference</string>
			<key>lastKnownFileType</key>
			<string>sourcecode.c.h</string>
			<key>path</key>
			<string>GhazalViewController.h</string>
			<key>sourceTree</key>
			<string>&lt;group&gt;</string>
		</dict>
		<key>BD2D7C4B18A7160F007B627A</key>
		<dict>
			<key>fileEncoding</key>
			<string>4</string>
			<key>isa</key>
			<string>PBXFileReference</string>
			<key>lastKnownFileType</key>
			<string>sourcecode.c.objc</string>
			<key>path</key>
			<string>GhazalViewController.m</string>
			<key>sourceTree</key>
			<string>&lt;group&gt;</string>
		</dict>
		<key>BD2D7C4C18A7160F007B627A</key>
		<dict>
			<key>fileRef</key>
			<string>BD2D7C4B18A7160F007B627A</string>
			<key>isa</key>
			<string>PBXBuildFile</string>
		</dict>
		<key>BD2D7C4D18A73D76007B627A</key>
		<dict>
			<key>isa</key>
			<string>PBXFileReference</string>
			<key>lastKnownFileType</key>
			<string>wrapper.framework</string>
			<key>name</key>
			<string>Social.framework</string>
			<key>path</key>
			<string>System/Library/Frameworks/Social.framework</string>
			<key>sourceTree</key>
			<string>SDKROOT</string>
		</dict>
		<key>BD2D7C4E18A73D76007B627A</key>
		<dict>
			<key>fileRef</key>
			<string>BD2D7C4D18A73D76007B627A</string>
			<key>isa</key>
			<string>PBXBuildFile</string>
		</dict>
		<key>BD54AAF616487CA000E55C9C</key>
		<dict>
			<key>isa</key>
			<string>PBXFileReference</string>
			<key>lastKnownFileType</key>
			<string>wrapper.framework</string>
			<key>name</key>
			<string>CFNetwork.framework</string>
			<key>path</key>
			<string>System/Library/Frameworks/CFNetwork.framework</string>
			<key>sourceTree</key>
			<string>SDKROOT</string>
		</dict>
		<key>BD54AAF716487CA000E55C9C</key>
		<dict>
			<key>fileRef</key>
			<string>BD54AAF616487CA000E55C9C</string>
			<key>isa</key>
			<string>PBXBuildFile</string>
		</dict>
		<key>BD54AAFC16487F3D00E55C9C</key>
		<dict>
			<key>fileEncoding</key>
			<string>4</string>
			<key>isa</key>
			<string>PBXFileReference</string>
			<key>lastKnownFileType</key>
			<string>sourcecode.c.h</string>
			<key>name</key>
			<string>GANTracker.h</string>
			<key>path</key>
			<string>AskHafezNative4/GANTracker.h</string>
			<key>sourceTree</key>
			<string>&lt;group&gt;</string>
		</dict>
		<key>BD54AAFD16487F3D00E55C9C</key>
		<dict>
			<key>isa</key>
			<string>PBXFileReference</string>
			<key>lastKnownFileType</key>
			<string>archive.ar</string>
			<key>name</key>
			<string>libGoogleAnalytics.a</string>
			<key>path</key>
			<string>AskHafezNative4/libGoogleAnalytics.a</string>
			<key>sourceTree</key>
			<string>&lt;group&gt;</string>
		</dict>
		<key>BD54AAFE16487F3D00E55C9C</key>
		<dict>
			<key>fileRef</key>
			<string>BD54AAFD16487F3D00E55C9C</string>
			<key>isa</key>
			<string>PBXBuildFile</string>
		</dict>
		<key>BD56BDD21656038A006D31D7</key>
		<dict>
			<key>isa</key>
			<string>PBXFileReference</string>
			<key>lastKnownFileType</key>
			<string>compiled.mach-o.dylib</string>
			<key>name</key>
			<string>libsqlite3.0.dylib</string>
			<key>path</key>
			<string>usr/lib/libsqlite3.0.dylib</string>
			<key>sourceTree</key>
			<string>SDKROOT</string>
		</dict>
		<key>BD56BDD31656038A006D31D7</key>
		<dict>
			<key>fileRef</key>
			<string>BD56BDD21656038A006D31D7</string>
			<key>isa</key>
			<string>PBXBuildFile</string>
		</dict>
		<key>BD914231164789B200F5F106</key>
		<dict>
			<key>isa</key>
			<string>PBXFileReference</string>
			<key>lastKnownFileType</key>
			<string>image.png</string>
			<key>name</key>
			<string>Icon.png</string>
			<key>path</key>
			<string>AskHafezNative4/Icon.png</string>
			<key>sourceTree</key>
			<string>&lt;group&gt;</string>
		</dict>
		<key>BD914232164789B200F5F106</key>
		<dict>
			<key>fileRef</key>
			<string>BD914231164789B200F5F106</string>
			<key>isa</key>
			<string>PBXBuildFile</string>
		</dict>
		<key>BD91931B166281F3009E472D</key>
		<dict>
			<key>fileEncoding</key>
			<string>4</string>
			<key>isa</key>
			<string>PBXFileReference</string>
			<key>lastKnownFileType</key>
			<string>sourcecode.c.h</string>
			<key>path</key>
			<string>HafezSearchViewController.h</string>
			<key>sourceTree</key>
			<string>&lt;group&gt;</string>
		</dict>
		<key>BD91931C166281F3009E472D</key>
		<dict>
			<key>fileEncoding</key>
			<string>4</string>
			<key>isa</key>
			<string>PBXFileReference</string>
			<key>lastKnownFileType</key>
			<string>sourcecode.c.objc</string>
			<key>path</key>
			<string>HafezSearchViewController.m</string>
			<key>sourceTree</key>
			<string>&lt;group&gt;</string>
		</dict>
		<key>BDC67AE816938D6F00DDF402</key>
		<dict>
			<key>isa</key>
			<string>PBXFileReference</string>
			<key>lastKnownFileType</key>
			<string>image.png</string>
			<key>path</key>
			<string>Default-568h@2x.png</string>
			<key>sourceTree</key>
			<string>&lt;group&gt;</string>
		</dict>
		<key>BDC67AE916938D6F00DDF402</key>
		<dict>
			<key>fileRef</key>
			<string>BDC67AE816938D6F00DDF402</string>
			<key>isa</key>
			<string>PBXBuildFile</string>
		</dict>
		<key>BDD3EDD518A9CD6500BABAE7</key>
		<dict>
			<key>children</key>
			<array>
				<string>BD2D7C4118A6ADE1007B627A</string>
				<string>BD2D7C4218A6ADE1007B627A</string>
				<string>BDD3EDD618A9CD7300BABAE7</string>
				<string>BDD3EDD718A9CD7300BABAE7</string>
				<string>BDD3EDD818A9CD7300BABAE7</string>
			</array>
			<key>isa</key>
			<string>PBXGroup</string>
			<key>name</key>
			<string>Library</string>
			<key>sourceTree</key>
			<string>&lt;group&gt;</string>
		</dict>
		<key>BDD3EDD618A9CD7300BABAE7</key>
		<dict>
			<key>isa</key>
			<string>PBXFileReference</string>
			<key>lastKnownFileType</key>
			<string>wrapper.plug-in</string>
			<key>name</key>
			<string>iRate.bundle</string>
			<key>path</key>
			<string>Library/iRate.bundle</string>
			<key>sourceTree</key>
			<string>&lt;group&gt;</string>
		</dict>
		<key>BDD3EDD718A9CD7300BABAE7</key>
		<dict>
			<key>fileEncoding</key>
			<string>4</string>
			<key>isa</key>
			<string>PBXFileReference</string>
			<key>lastKnownFileType</key>
			<string>sourcecode.c.h</string>
			<key>name</key>
			<string>iRate.h</string>
			<key>path</key>
			<string>Library/iRate.h</string>
			<key>sourceTree</key>
			<string>&lt;group&gt;</string>
		</dict>
		<key>BDD3EDD818A9CD7300BABAE7</key>
		<dict>
			<key>fileEncoding</key>
			<string>4</string>
			<key>isa</key>
			<string>PBXFileReference</string>
			<key>lastKnownFileType</key>
			<string>sourcecode.c.objc</string>
			<key>name</key>
			<string>iRate.m</string>
			<key>path</key>
			<string>Library/iRate.m</string>
			<key>sourceTree</key>
			<string>&lt;group&gt;</string>
		</dict>
		<key>BDD3EDD918A9CD7300BABAE7</key>
		<dict>
			<key>fileRef</key>
			<string>BDD3EDD618A9CD7300BABAE7</string>
			<key>isa</key>
			<string>PBXBuildFile</string>
		</dict>
		<key>BDD3EDDA18A9CD7300BABAE7</key>
		<dict>
			<key>fileRef</key>
			<string>BDD3EDD818A9CD7300BABAE7</string>
			<key>isa</key>
			<string>PBXBuildFile</string>
		</dict>
		<key>BDD3EDDB18A9D08600BABAE7</key>
		<dict>
			<key>fileEncoding</key>
			<string>4</string>
			<key>isa</key>
			<string>PBXFileReference</string>
			<key>lastKnownFileType</key>
			<string>sourcecode.c.h</string>
			<key>path</key>
			<string>GhazalCell.h</string>
			<key>sourceTree</key>
			<string>&lt;group&gt;</string>
		</dict>
		<key>BDD3EDDC18A9D08600BABAE7</key>
		<dict>
			<key>fileEncoding</key>
			<string>4</string>
			<key>isa</key>
			<string>PBXFileReference</string>
			<key>lastKnownFileType</key>
			<string>sourcecode.c.objc</string>
			<key>path</key>
			<string>GhazalCell.m</string>
			<key>sourceTree</key>
			<string>&lt;group&gt;</string>
		</dict>
		<key>BDD3EDDD18A9D08600BABAE7</key>
		<dict>
			<key>fileRef</key>
			<string>BDD3EDDC18A9D08600BABAE7</string>
			<key>isa</key>
			<string>PBXBuildFile</string>
		</dict>
		<key>BDD3EDDE18A9E6AA00BABAE7</key>
		<dict>
			<key>isa</key>
			<string>PBXFileReference</string>
			<key>lastKnownFileType</key>
			<string>image.jpeg</string>
			<key>name</key>
			<string>fbshare.jpg</string>
			<key>path</key>
			<string>AskHafezNative4/images/fbshare.jpg</string>
			<key>sourceTree</key>
			<string>&lt;group&gt;</string>
		</dict>
		<key>BDD3EDDF18A9E6AA00BABAE7</key>
		<dict>
			<key>fileRef</key>
			<string>BDD3EDDE18A9E6AA00BABAE7</string>
			<key>isa</key>
			<string>PBXBuildFile</string>
		</dict>
		<key>BDE608051662B36700E082A3</key>
		<dict>
			<key>fileRef</key>
			<string>BD91931C166281F3009E472D</string>
			<key>isa</key>
			<string>PBXBuildFile</string>
		</dict>
		<key>BDE608061662BD8E00E082A3</key>
		<dict>
			<key>fileRef</key>
			<string>BD54AAFD16487F3D00E55C9C</string>
			<key>isa</key>
			<string>PBXBuildFile</string>
		</dict>
		<key>BDE608071662BD9A00E082A3</key>
		<dict>
			<key>fileRef</key>
			<string>BD54AAF616487CA000E55C9C</string>
			<key>isa</key>
			<string>PBXBuildFile</string>
		</dict>
		<key>BDE6080A1662BECD00E082A3</key>
		<dict>
			<key>isa</key>
			<string>PBXFileReference</string>
			<key>lastKnownFileType</key>
			<string>image.png</string>
			<key>path</key>
			<string>ipad_icon.png</string>
			<key>sourceTree</key>
			<string>&lt;group&gt;</string>
		</dict>
		<key>BDE6080B1662BECD00E082A3</key>
		<dict>
			<key>fileRef</key>
			<string>BDE6080A1662BECD00E082A3</string>
			<key>isa</key>
			<string>PBXBuildFile</string>
		</dict>
		<key>BDE6080C1662BF4500E082A3</key>
		<dict>
			<key>isa</key>
			<string>PBXFileReference</string>
			<key>lastKnownFileType</key>
			<string>image.png</string>
			<key>path</key>
			<string>Default-Portrait~ipad.png</string>
			<key>sourceTree</key>
			<string>&lt;group&gt;</string>
		</dict>
		<key>BDE6080D1662BF4500E082A3</key>
		<dict>
			<key>fileRef</key>
			<string>BDE6080C1662BF4500E082A3</string>
			<key>isa</key>
			<string>PBXBuildFile</string>
		</dict>
		<key>BDF5DBEA16477AAE00A731A1</key>
		<dict>
			<key>children</key>
			<array>
				<string>BDC67AE816938D6F00DDF402</string>
				<string>BDE6080C1662BF4500E082A3</string>
				<string>BDE6080A1662BECD00E082A3</string>
				<string>BDF5DC4B16477BED00A731A1</string>
				<string>BDF5DC3C16477BDD00A731A1</string>
				<string>BDF5DBFF16477AAE00A731A1</string>
				<string>BDF5DC2B16477AAF00A731A1</string>
				<string>BD0E8ACE1657526900E3344E</string>
				<string>BD0E8AF11657526A00E3344E</string>
				<string>BDF5DBF816477AAE00A731A1</string>
				<string>BDF5DBF616477AAE00A731A1</string>
				<string>4AF0451F306AC15A787A503A</string>
			</array>
			<key>isa</key>
			<string>PBXGroup</string>
			<key>sourceTree</key>
			<string>&lt;group&gt;</string>
		</dict>
		<key>BDF5DBEC16477AAE00A731A1</key>
		<dict>
			<key>attributes</key>
			<dict>
				<key>LastUpgradeCheck</key>
				<string>0420</string>
				<key>TargetAttributes</key>
				<dict>
					<key>BDF5DBF416477AAE00A731A1</key>
					<dict>
						<key>DevelopmentTeam</key>
						<string>4JE8Q22V45</string>
					</dict>
				</dict>
			</dict>
			<key>buildConfigurationList</key>
			<string>BDF5DBEF16477AAE00A731A1</string>
			<key>compatibilityVersion</key>
			<string>Xcode 3.2</string>
			<key>developmentRegion</key>
			<string>English</string>
			<key>hasScannedForEncodings</key>
			<string>0</string>
			<key>isa</key>
			<string>PBXProject</string>
			<key>knownRegions</key>
			<array>
				<string>en</string>
			</array>
			<key>mainGroup</key>
			<string>BDF5DBEA16477AAE00A731A1</string>
			<key>productRefGroup</key>
			<string>BDF5DBF616477AAE00A731A1</string>
			<key>projectDirPath</key>
			<string></string>
			<key>projectReferences</key>
			<array/>
			<key>projectRoot</key>
			<string></string>
			<key>targets</key>
			<array>
				<string>BDF5DBF416477AAE00A731A1</string>
				<string>BDF5DC2316477AAF00A731A1</string>
				<string>BD0E8AC81657526900E3344E</string>
				<string>BD0E8AEA1657526A00E3344E</string>
			</array>
		</dict>
		<key>BDF5DBEF16477AAE00A731A1</key>
		<dict>
			<key>buildConfigurations</key>
			<array>
				<string>BDF5DC3416477AB100A731A1</string>
				<string>BDF5DC3516477AB100A731A1</string>
			</array>
			<key>defaultConfigurationIsVisible</key>
			<string>0</string>
			<key>defaultConfigurationName</key>
			<string>Release</string>
			<key>isa</key>
			<string>XCConfigurationList</string>
		</dict>
		<key>BDF5DBF116477AAE00A731A1</key>
		<dict>
			<key>buildActionMask</key>
			<string>2147483647</string>
			<key>files</key>
			<array>
				<string>BDF5DC0616477AAE00A731A1</string>
				<string>BDD3EDDD18A9D08600BABAE7</string>
				<string>BDD3EDDA18A9CD7300BABAE7</string>
				<string>BDF5DC0A16477AAE00A731A1</string>
				<string>BDF5DC0D16477AAE00A731A1</string>
				<string>BDF5DC1416477AAE00A731A1</string>
				<string>BDF5DC5416477D2700A731A1</string>
				<string>BD2D7C4318A6ADE1007B627A</string>
				<string>BDF5DC5816477F2E00A731A1</string>
				<string>BD2D7C4C18A7160F007B627A</string>
				<string>BD14626E16589434005BD350</string>
			</array>
			<key>isa</key>
			<string>PBXSourcesBuildPhase</string>
			<key>runOnlyForDeploymentPostprocessing</key>
			<string>0</string>
		</dict>
		<key>BDF5DBF216477AAE00A731A1</key>
		<dict>
			<key>buildActionMask</key>
			<string>2147483647</string>
			<key>files</key>
			<array>
				<string>BD2D7C4E18A73D76007B627A</string>
				<string>BD2D7C4518A6B2F0007B627A</string>
				<string>BD56BDD31656038A006D31D7</string>
				<string>BD54AAF716487CA000E55C9C</string>
				<string>BDF5DBFA16477AAE00A731A1</string>
				<string>BDF5DBFC16477AAE00A731A1</string>
				<string>BDF5DBFE16477AAE00A731A1</string>
				<string>BD54AAFE16487F3D00E55C9C</string>
				<string>032CD463ECBA145D97825756</string>
			</array>
			<key>isa</key>
			<string>PBXFrameworksBuildPhase</string>
			<key>runOnlyForDeploymentPostprocessing</key>
			<string>0</string>
		</dict>
		<key>BDF5DBF316477AAE00A731A1</key>
		<dict>
			<key>buildActionMask</key>
			<string>2147483647</string>
			<key>files</key>
			<array>
				<string>BD2D7C4918A6FAAD007B627A</string>
				<string>BDF5DC0416477AAE00A731A1</string>
				<string>BD2D7C3B18A6A2BA007B627A</string>
				<string>BDF5DC0F16477AAE00A731A1</string>
				<string>BDF5DC1116477AAE00A731A1</string>
				<string>BD2D7C3918A6A1DC007B627A</string>
				<string>BDF5DC1616477AAE00A731A1</string>
				<string>BDF5DC1816477AAE00A731A1</string>
				<string>BD2D7C4018A6ACF5007B627A</string>
				<string>BDF5DC1B16477AAE00A731A1</string>
				<string>BDD3EDDF18A9E6AA00BABAE7</string>
				<string>BDF5DC1E16477AAF00A731A1</string>
				<string>BDF5DC4416477BE800A731A1</string>
				<string>BD2D7C4718A6F983007B627A</string>
				<string>BDF5DC4516477BE800A731A1</string>
				<string>BDF5DC4616477BE800A731A1</string>
				<string>BDF5DC4716477BE800A731A1</string>
				<string>BDF5DC4816477BE800A731A1</string>
				<string>BDD3EDD918A9CD7300BABAE7</string>
				<string>BDF5DC4916477BE800A731A1</string>
				<string>BDF5DC4A16477BE800A731A1</string>
				<string>BDF5DC4D16477BFB00A731A1</string>
				<string>BDF5DC5516477D2700A731A1</string>
				<string>BD914232164789B200F5F106</string>
				<string>BDC67AE916938D6F00DDF402</string>
			</array>
			<key>isa</key>
			<string>PBXResourcesBuildPhase</string>
			<key>runOnlyForDeploymentPostprocessing</key>
			<string>0</string>
		</dict>
		<key>BDF5DBF416477AAE00A731A1</key>
		<dict>
			<key>buildConfigurationList</key>
			<string>BDF5DC3616477AB100A731A1</string>
			<key>buildPhases</key>
			<array>
				<string>7173D2543D76521F38DF31F5</string>
				<string>BDF5DBF116477AAE00A731A1</string>
				<string>BDF5DBF216477AAE00A731A1</string>
				<string>BDF5DBF316477AAE00A731A1</string>
				<string>359281FF38B46D9E6FD05007</string>
			</array>
			<key>buildRules</key>
			<array/>
			<key>dependencies</key>
			<array/>
			<key>isa</key>
			<string>PBXNativeTarget</string>
			<key>name</key>
			<string>AskHafezNative4</string>
			<key>productName</key>
			<string>AskHafezNative4</string>
			<key>productReference</key>
			<string>BDF5DBF516477AAE00A731A1</string>
			<key>productType</key>
			<string>com.apple.product-type.application</string>
		</dict>
		<key>BDF5DBF516477AAE00A731A1</key>
		<dict>
			<key>explicitFileType</key>
			<string>wrapper.application</string>
			<key>includeInIndex</key>
			<string>0</string>
			<key>isa</key>
			<string>PBXFileReference</string>
			<key>path</key>
			<string>AskHafezNative4.app</string>
			<key>sourceTree</key>
			<string>BUILT_PRODUCTS_DIR</string>
		</dict>
		<key>BDF5DBF616477AAE00A731A1</key>
		<dict>
			<key>children</key>
			<array>
				<string>BDF5DBF516477AAE00A731A1</string>
				<string>BDF5DC2416477AAF00A731A1</string>
				<string>BD0E8AC91657526900E3344E</string>
				<string>BD0E8AEB1657526A00E3344E</string>
			</array>
			<key>isa</key>
			<string>PBXGroup</string>
			<key>name</key>
			<string>Products</string>
			<key>sourceTree</key>
			<string>&lt;group&gt;</string>
		</dict>
		<key>BDF5DBF816477AAE00A731A1</key>
		<dict>
			<key>children</key>
			<array>
				<string>BD2D7C4D18A73D76007B627A</string>
				<string>BD2D7C4418A6B2F0007B627A</string>
				<string>BD54AAFC16487F3D00E55C9C</string>
				<string>BD56BDD21656038A006D31D7</string>
				<string>BD54AAFD16487F3D00E55C9C</string>
				<string>BD54AAF616487CA000E55C9C</string>
				<string>BDF5DBF916477AAE00A731A1</string>
				<string>BDF5DBFB16477AAE00A731A1</string>
				<string>BDF5DBFD16477AAE00A731A1</string>
				<string>BDF5DC2516477AAF00A731A1</string>
				<string>E44FC2E5E97BED855E4BF927</string>
			</array>
			<key>isa</key>
			<string>PBXGroup</string>
			<key>name</key>
			<string>Frameworks</string>
			<key>sourceTree</key>
			<string>&lt;group&gt;</string>
		</dict>
		<key>BDF5DBF916477AAE00A731A1</key>
		<dict>
			<key>isa</key>
			<string>PBXFileReference</string>
			<key>lastKnownFileType</key>
			<string>wrapper.framework</string>
			<key>name</key>
			<string>UIKit.framework</string>
			<key>path</key>
			<string>System/Library/Frameworks/UIKit.framework</string>
			<key>sourceTree</key>
			<string>SDKROOT</string>
		</dict>
		<key>BDF5DBFA16477AAE00A731A1</key>
		<dict>
			<key>fileRef</key>
			<string>BDF5DBF916477AAE00A731A1</string>
			<key>isa</key>
			<string>PBXBuildFile</string>
		</dict>
		<key>BDF5DBFB16477AAE00A731A1</key>
		<dict>
			<key>isa</key>
			<string>PBXFileReference</string>
			<key>lastKnownFileType</key>
			<string>wrapper.framework</string>
			<key>name</key>
			<string>Foundation.framework</string>
			<key>path</key>
			<string>System/Library/Frameworks/Foundation.framework</string>
			<key>sourceTree</key>
			<string>SDKROOT</string>
		</dict>
		<key>BDF5DBFC16477AAE00A731A1</key>
		<dict>
			<key>fileRef</key>
			<string>BDF5DBFB16477AAE00A731A1</string>
			<key>isa</key>
			<string>PBXBuildFile</string>
		</dict>
		<key>BDF5DBFD16477AAE00A731A1</key>
		<dict>
			<key>isa</key>
			<string>PBXFileReference</string>
			<key>lastKnownFileType</key>
			<string>wrapper.framework</string>
			<key>name</key>
			<string>CoreGraphics.framework</string>
			<key>path</key>
			<string>System/Library/Frameworks/CoreGraphics.framework</string>
			<key>sourceTree</key>
			<string>SDKROOT</string>
		</dict>
		<key>BDF5DBFE16477AAE00A731A1</key>
		<dict>
			<key>fileRef</key>
			<string>BDF5DBFD16477AAE00A731A1</string>
			<key>isa</key>
			<string>PBXBuildFile</string>
		</dict>
		<key>BDF5DBFF16477AAE00A731A1</key>
		<dict>
			<key>children</key>
			<array>
				<string>BDD3EDD518A9CD6500BABAE7</string>
				<string>BD2D7C3D18A6A466007B627A</string>
				<string>BD2D7C3C18A6A457007B627A</string>
				<string>BD2D7C4A18A7160F007B627A</string>
				<string>BD2D7C4B18A7160F007B627A</string>
				<string>BDF5DC5116477D2700A731A1</string>
				<string>BDF5DC5216477D2700A731A1</string>
				<string>BDF5DC0B16477AAE00A731A1</string>
				<string>BDF5DC0C16477AAE00A731A1</string>
				<string>BDF5DC1216477AAE00A731A1</string>
				<string>BDF5DC1316477AAE00A731A1</string>
				<string>BDF5DC0016477AAE00A731A1</string>
				<string>BD2D7C3818A6A1DC007B627A</string>
				<string>BDD3EDDB18A9D08600BABAE7</string>
				<string>BDD3EDDC18A9D08600BABAE7</string>
				<string>BD2D7C3A18A6A2BA007B627A</string>
			</array>
			<key>isa</key>
			<string>PBXGroup</string>
			<key>path</key>
			<string>AskHafezNative4</string>
			<key>sourceTree</key>
			<string>&lt;group&gt;</string>
		</dict>
		<key>BDF5DC0016477AAE00A731A1</key>
		<dict>
			<key>children</key>
			<array>
				<string>BDF5DC0116477AAE00A731A1</string>
				<string>BDF5DC0216477AAE00A731A1</string>
				<string>BDF5DC0516477AAE00A731A1</string>
				<string>BDF5DC0716477AAE00A731A1</string>
			</array>
			<key>isa</key>
			<string>PBXGroup</string>
			<key>name</key>
			<string>Supporting Files</string>
			<key>sourceTree</key>
			<string>&lt;group&gt;</string>
		</dict>
		<key>BDF5DC0116477AAE00A731A1</key>
		<dict>
			<key>isa</key>
			<string>PBXFileReference</string>
			<key>lastKnownFileType</key>
			<string>text.plist.xml</string>
			<key>path</key>
			<string>AskHafezNative4-Info.plist</string>
			<key>sourceTree</key>
			<string>&lt;group&gt;</string>
		</dict>
		<key>BDF5DC0216477AAE00A731A1</key>
		<dict>
			<key>children</key>
			<array>
				<string>BDF5DC0316477AAE00A731A1</string>
			</array>
			<key>isa</key>
			<string>PBXVariantGroup</string>
			<key>name</key>
			<string>InfoPlist.strings</string>
			<key>sourceTree</key>
			<string>&lt;group&gt;</string>
		</dict>
		<key>BDF5DC0316477AAE00A731A1</key>
		<dict>
			<key>isa</key>
			<string>PBXFileReference</string>
			<key>lastKnownFileType</key>
			<string>text.plist.strings</string>
			<key>name</key>
			<string>en</string>
			<key>path</key>
			<string>en.lproj/InfoPlist.strings</string>
			<key>sourceTree</key>
			<string>&lt;group&gt;</string>
		</dict>
		<key>BDF5DC0416477AAE00A731A1</key>
		<dict>
			<key>fileRef</key>
			<string>BDF5DC0216477AAE00A731A1</string>
			<key>isa</key>
			<string>PBXBuildFile</string>
		</dict>
		<key>BDF5DC0516477AAE00A731A1</key>
		<dict>
			<key>isa</key>
			<string>PBXFileReference</string>
			<key>lastKnownFileType</key>
			<string>sourcecode.c.objc</string>
			<key>path</key>
			<string>main.m</string>
			<key>sourceTree</key>
			<string>&lt;group&gt;</string>
		</dict>
		<key>BDF5DC0616477AAE00A731A1</key>
		<dict>
			<key>fileRef</key>
			<string>BDF5DC0516477AAE00A731A1</string>
			<key>isa</key>
			<string>PBXBuildFile</string>
		</dict>
		<key>BDF5DC0716477AAE00A731A1</key>
		<dict>
			<key>isa</key>
			<string>PBXFileReference</string>
			<key>lastKnownFileType</key>
			<string>sourcecode.c.h</string>
			<key>path</key>
			<string>AskHafezNative4-Prefix.pch</string>
			<key>sourceTree</key>
			<string>&lt;group&gt;</string>
		</dict>
		<key>BDF5DC0816477AAE00A731A1</key>
		<dict>
			<key>isa</key>
			<string>PBXFileReference</string>
			<key>lastKnownFileType</key>
			<string>sourcecode.c.h</string>
			<key>path</key>
			<string>HafezAppDelegate.h</string>
			<key>sourceTree</key>
			<string>&lt;group&gt;</string>
		</dict>
		<key>BDF5DC0916477AAE00A731A1</key>
		<dict>
			<key>isa</key>
			<string>PBXFileReference</string>
			<key>lastKnownFileType</key>
			<string>sourcecode.c.objc</string>
			<key>path</key>
			<string>HafezAppDelegate.m</string>
			<key>sourceTree</key>
			<string>&lt;group&gt;</string>
		</dict>
		<key>BDF5DC0A16477AAE00A731A1</key>
		<dict>
			<key>fileRef</key>
			<string>BDF5DC0916477AAE00A731A1</string>
			<key>isa</key>
			<string>PBXBuildFile</string>
		</dict>
		<key>BDF5DC0B16477AAE00A731A1</key>
		<dict>
			<key>isa</key>
			<string>PBXFileReference</string>
			<key>lastKnownFileType</key>
			<string>sourcecode.c.h</string>
			<key>path</key>
			<string>HafezFirstViewController.h</string>
			<key>sourceTree</key>
			<string>&lt;group&gt;</string>
		</dict>
		<key>BDF5DC0C16477AAE00A731A1</key>
		<dict>
			<key>isa</key>
			<string>PBXFileReference</string>
			<key>lastKnownFileType</key>
			<string>sourcecode.c.objc</string>
			<key>path</key>
			<string>HafezFirstViewController.m</string>
			<key>sourceTree</key>
			<string>&lt;group&gt;</string>
		</dict>
		<key>BDF5DC0D16477AAE00A731A1</key>
		<dict>
			<key>fileRef</key>
			<string>BDF5DC0C16477AAE00A731A1</string>
			<key>isa</key>
			<string>PBXBuildFile</string>
		</dict>
		<key>BDF5DC0E16477AAE00A731A1</key>
		<dict>
			<key>isa</key>
			<string>PBXFileReference</string>
			<key>lastKnownFileType</key>
			<string>image.png</string>
			<key>name</key>
			<string>first.png</string>
			<key>path</key>
			<string>AskHafezNative4/first.png</string>
			<key>sourceTree</key>
			<string>&lt;group&gt;</string>
		</dict>
		<key>BDF5DC0F16477AAE00A731A1</key>
		<dict>
			<key>fileRef</key>
			<string>BDF5DC0E16477AAE00A731A1</string>
			<key>isa</key>
			<string>PBXBuildFile</string>
		</dict>
		<key>BDF5DC1016477AAE00A731A1</key>
		<dict>
			<key>isa</key>
			<string>PBXFileReference</string>
			<key>lastKnownFileType</key>
			<string>image.png</string>
			<key>name</key>
			<string>first@2x.png</string>
			<key>path</key>
			<string>AskHafezNative4/first@2x.png</string>
			<key>sourceTree</key>
			<string>&lt;group&gt;</string>
		</dict>
		<key>BDF5DC1116477AAE00A731A1</key>
		<dict>
			<key>fileRef</key>
			<string>BDF5DC1016477AAE00A731A1</string>
			<key>isa</key>
			<string>PBXBuildFile</string>
		</dict>
		<key>BDF5DC1216477AAE00A731A1</key>
		<dict>
			<key>isa</key>
			<string>PBXFileReference</string>
			<key>lastKnownFileType</key>
			<string>sourcecode.c.h</string>
			<key>path</key>
			<string>HafezSecondViewController.h</string>
			<key>sourceTree</key>
			<string>&lt;group&gt;</string>
		</dict>
		<key>BDF5DC1316477AAE00A731A1</key>
		<dict>
			<key>isa</key>
			<string>PBXFileReference</string>
			<key>lastKnownFileType</key>
			<string>sourcecode.c.objc</string>
			<key>path</key>
			<string>HafezSecondViewController.m</string>
			<key>sourceTree</key>
			<string>&lt;group&gt;</string>
		</dict>
		<key>BDF5DC1416477AAE00A731A1</key>
		<dict>
			<key>fileRef</key>
			<string>BDF5DC1316477AAE00A731A1</string>
			<key>isa</key>
			<string>PBXBuildFile</string>
		</dict>
		<key>BDF5DC1516477AAE00A731A1</key>
		<dict>
			<key>isa</key>
			<string>PBXFileReference</string>
			<key>lastKnownFileType</key>
			<string>image.png</string>
			<key>name</key>
			<string>second.png</string>
			<key>path</key>
			<string>AskHafezNative4/second.png</string>
			<key>sourceTree</key>
			<string>&lt;group&gt;</string>
		</dict>
		<key>BDF5DC1616477AAE00A731A1</key>
		<dict>
			<key>fileRef</key>
			<string>BDF5DC1516477AAE00A731A1</string>
			<key>isa</key>
			<string>PBXBuildFile</string>
		</dict>
		<key>BDF5DC1716477AAE00A731A1</key>
		<dict>
			<key>isa</key>
			<string>PBXFileReference</string>
			<key>lastKnownFileType</key>
			<string>image.png</string>
			<key>name</key>
			<string>second@2x.png</string>
			<key>path</key>
			<string>AskHafezNative4/second@2x.png</string>
			<key>sourceTree</key>
			<string>&lt;group&gt;</string>
		</dict>
		<key>BDF5DC1816477AAE00A731A1</key>
		<dict>
			<key>fileRef</key>
			<string>BDF5DC1716477AAE00A731A1</string>
			<key>isa</key>
			<string>PBXBuildFile</string>
		</dict>
		<key>BDF5DC1916477AAE00A731A1</key>
		<dict>
			<key>children</key>
			<array>
				<string>BDF5DC1A16477AAE00A731A1</string>
			</array>
			<key>isa</key>
			<string>PBXVariantGroup</string>
			<key>name</key>
			<string>HafezFirstViewController.xib</string>
			<key>sourceTree</key>
			<string>&lt;group&gt;</string>
		</dict>
		<key>BDF5DC1A16477AAE00A731A1</key>
		<dict>
			<key>isa</key>
			<string>PBXFileReference</string>
			<key>lastKnownFileType</key>
			<string>file.xib</string>
			<key>name</key>
			<string>en</string>
			<key>path</key>
			<string>en.lproj/HafezFirstViewController.xib</string>
			<key>sourceTree</key>
			<string>&lt;group&gt;</string>
		</dict>
		<key>BDF5DC1B16477AAE00A731A1</key>
		<dict>
			<key>fileRef</key>
			<string>BDF5DC1916477AAE00A731A1</string>
			<key>isa</key>
			<string>PBXBuildFile</string>
		</dict>
		<key>BDF5DC1C16477AAF00A731A1</key>
		<dict>
			<key>children</key>
			<array>
				<string>BDF5DC1D16477AAF00A731A1</string>
			</array>
			<key>isa</key>
			<string>PBXVariantGroup</string>
			<key>name</key>
			<string>HafezSecondViewController.xib</string>
			<key>sourceTree</key>
			<string>&lt;group&gt;</string>
		</dict>
		<key>BDF5DC1D16477AAF00A731A1</key>
		<dict>
			<key>isa</key>
			<string>PBXFileReference</string>
			<key>lastKnownFileType</key>
			<string>file.xib</string>
			<key>name</key>
			<string>en</string>
			<key>path</key>
			<string>en.lproj/HafezSecondViewController.xib</string>
			<key>sourceTree</key>
			<string>&lt;group&gt;</string>
		</dict>
		<key>BDF5DC1E16477AAF00A731A1</key>
		<dict>
			<key>fileRef</key>
			<string>BDF5DC1C16477AAF00A731A1</string>
			<key>isa</key>
			<string>PBXBuildFile</string>
		</dict>
		<key>BDF5DC1F16477AAF00A731A1</key>
		<dict>
			<key>buildActionMask</key>
			<string>2147483647</string>
			<key>files</key>
			<array>
				<string>BDF5DC3316477AB100A731A1</string>
			</array>
			<key>isa</key>
			<string>PBXSourcesBuildPhase</string>
			<key>runOnlyForDeploymentPostprocessing</key>
			<string>0</string>
		</dict>
		<key>BDF5DC2016477AAF00A731A1</key>
		<dict>
			<key>buildActionMask</key>
			<string>2147483647</string>
			<key>files</key>
			<array>
				<string>BDF5DC2616477AAF00A731A1</string>
				<string>BDF5DC2716477AAF00A731A1</string>
				<string>BDF5DC2816477AAF00A731A1</string>
			</array>
			<key>isa</key>
			<string>PBXFrameworksBuildPhase</string>
			<key>runOnlyForDeploymentPostprocessing</key>
			<string>0</string>
		</dict>
		<key>BDF5DC2116477AAF00A731A1</key>
		<dict>
			<key>buildActionMask</key>
			<string>2147483647</string>
			<key>files</key>
			<array>
				<string>BDF5DC3016477AB000A731A1</string>
			</array>
			<key>isa</key>
			<string>PBXResourcesBuildPhase</string>
			<key>runOnlyForDeploymentPostprocessing</key>
			<string>0</string>
		</dict>
		<key>BDF5DC2216477AAF00A731A1</key>
		<dict>
			<key>buildActionMask</key>
			<string>2147483647</string>
			<key>files</key>
			<array/>
			<key>inputPaths</key>
			<array/>
			<key>isa</key>
			<string>PBXShellScriptBuildPhase</string>
			<key>outputPaths</key>
			<array/>
			<key>runOnlyForDeploymentPostprocessing</key>
			<string>0</string>
			<key>shellPath</key>
			<string>/bin/sh</string>
			<key>shellScript</key>
			<string># Run the unit tests in this test bundle.
"${SYSTEM_DEVELOPER_DIR}/Tools/RunUnitTests"
</string>
		</dict>
		<key>BDF5DC2316477AAF00A731A1</key>
		<dict>
			<key>buildConfigurationList</key>
			<string>BDF5DC3916477AB100A731A1</string>
			<key>buildPhases</key>
			<array>
				<string>BDF5DC1F16477AAF00A731A1</string>
				<string>BDF5DC2016477AAF00A731A1</string>
				<string>BDF5DC2116477AAF00A731A1</string>
				<string>BDF5DC2216477AAF00A731A1</string>
			</array>
			<key>buildRules</key>
			<array/>
			<key>dependencies</key>
			<array>
				<string>BDF5DC2A16477AAF00A731A1</string>
			</array>
			<key>isa</key>
			<string>PBXNativeTarget</string>
			<key>name</key>
			<string>AskHafezNative4Tests</string>
			<key>productName</key>
			<string>AskHafezNative4Tests</string>
			<key>productReference</key>
			<string>BDF5DC2416477AAF00A731A1</string>
			<key>productType</key>
			<string>com.apple.product-type.bundle.ocunit-test</string>
		</dict>
		<key>BDF5DC2416477AAF00A731A1</key>
		<dict>
			<key>explicitFileType</key>
			<string>wrapper.cfbundle</string>
			<key>includeInIndex</key>
			<string>0</string>
			<key>isa</key>
			<string>PBXFileReference</string>
			<key>path</key>
			<string>AskHafezNative4Tests.octest</string>
			<key>sourceTree</key>
			<string>BUILT_PRODUCTS_DIR</string>
		</dict>
		<key>BDF5DC2516477AAF00A731A1</key>
		<dict>
			<key>isa</key>
			<string>PBXFileReference</string>
			<key>lastKnownFileType</key>
			<string>wrapper.framework</string>
			<key>name</key>
			<string>SenTestingKit.framework</string>
			<key>path</key>
			<string>Library/Frameworks/SenTestingKit.framework</string>
			<key>sourceTree</key>
			<string>DEVELOPER_DIR</string>
		</dict>
		<key>BDF5DC2616477AAF00A731A1</key>
		<dict>
			<key>fileRef</key>
			<string>BDF5DC2516477AAF00A731A1</string>
			<key>isa</key>
			<string>PBXBuildFile</string>
		</dict>
		<key>BDF5DC2716477AAF00A731A1</key>
		<dict>
			<key>fileRef</key>
			<string>BDF5DBF916477AAE00A731A1</string>
			<key>isa</key>
			<string>PBXBuildFile</string>
		</dict>
		<key>BDF5DC2816477AAF00A731A1</key>
		<dict>
			<key>fileRef</key>
			<string>BDF5DBFB16477AAE00A731A1</string>
			<key>isa</key>
			<string>PBXBuildFile</string>
		</dict>
		<key>BDF5DC2916477AAF00A731A1</key>
		<dict>
			<key>containerPortal</key>
			<string>BDF5DBEC16477AAE00A731A1</string>
			<key>isa</key>
			<string>PBXContainerItemProxy</string>
			<key>proxyType</key>
			<string>1</string>
			<key>remoteGlobalIDString</key>
			<string>BDF5DBF416477AAE00A731A1</string>
			<key>remoteInfo</key>
			<string>AskHafezNative4</string>
		</dict>
		<key>BDF5DC2A16477AAF00A731A1</key>
		<dict>
			<key>isa</key>
			<string>PBXTargetDependency</string>
			<key>target</key>
			<string>BDF5DBF416477AAE00A731A1</string>
			<key>targetProxy</key>
			<string>BDF5DC2916477AAF00A731A1</string>
		</dict>
		<key>BDF5DC2B16477AAF00A731A1</key>
		<dict>
			<key>children</key>
			<array>
				<string>BDF5DC3116477AB000A731A1</string>
				<string>BDF5DC3216477AB100A731A1</string>
				<string>BDF5DC2C16477AB000A731A1</string>
			</array>
			<key>isa</key>
			<string>PBXGroup</string>
			<key>path</key>
			<string>AskHafezNative4Tests</string>
			<key>sourceTree</key>
			<string>&lt;group&gt;</string>
		</dict>
		<key>BDF5DC2C16477AB000A731A1</key>
		<dict>
			<key>children</key>
			<array>
				<string>BDF5DC2D16477AB000A731A1</string>
				<string>BDF5DC2E16477AB000A731A1</string>
			</array>
			<key>isa</key>
			<string>PBXGroup</string>
			<key>name</key>
			<string>Supporting Files</string>
			<key>sourceTree</key>
			<string>&lt;group&gt;</string>
		</dict>
		<key>BDF5DC2D16477AB000A731A1</key>
		<dict>
			<key>isa</key>
			<string>PBXFileReference</string>
			<key>lastKnownFileType</key>
			<string>text.plist.xml</string>
			<key>path</key>
			<string>AskHafezNative4Tests-Info.plist</string>
			<key>sourceTree</key>
			<string>&lt;group&gt;</string>
		</dict>
		<key>BDF5DC2E16477AB000A731A1</key>
		<dict>
			<key>children</key>
			<array>
				<string>BDF5DC2F16477AB000A731A1</string>
			</array>
			<key>isa</key>
			<string>PBXVariantGroup</string>
			<key>name</key>
			<string>InfoPlist.strings</string>
			<key>sourceTree</key>
			<string>&lt;group&gt;</string>
		</dict>
		<key>BDF5DC2F16477AB000A731A1</key>
		<dict>
			<key>isa</key>
			<string>PBXFileReference</string>
			<key>lastKnownFileType</key>
			<string>text.plist.strings</string>
			<key>name</key>
			<string>en</string>
			<key>path</key>
			<string>en.lproj/InfoPlist.strings</string>
			<key>sourceTree</key>
			<string>&lt;group&gt;</string>
		</dict>
		<key>BDF5DC3016477AB000A731A1</key>
		<dict>
			<key>fileRef</key>
			<string>BDF5DC2E16477AB000A731A1</string>
			<key>isa</key>
			<string>PBXBuildFile</string>
		</dict>
		<key>BDF5DC3116477AB000A731A1</key>
		<dict>
			<key>isa</key>
			<string>PBXFileReference</string>
			<key>lastKnownFileType</key>
			<string>sourcecode.c.h</string>
			<key>path</key>
			<string>AskHafezNative4Tests.h</string>
			<key>sourceTree</key>
			<string>&lt;group&gt;</string>
		</dict>
		<key>BDF5DC3216477AB100A731A1</key>
		<dict>
			<key>isa</key>
			<string>PBXFileReference</string>
			<key>lastKnownFileType</key>
			<string>sourcecode.c.objc</string>
			<key>path</key>
			<string>AskHafezNative4Tests.m</string>
			<key>sourceTree</key>
			<string>&lt;group&gt;</string>
		</dict>
		<key>BDF5DC3316477AB100A731A1</key>
		<dict>
			<key>fileRef</key>
			<string>BDF5DC3216477AB100A731A1</string>
			<key>isa</key>
			<string>PBXBuildFile</string>
		</dict>
		<key>BDF5DC3416477AB100A731A1</key>
		<dict>
			<key>buildSettings</key>
			<dict>
				<key>ALWAYS_SEARCH_USER_PATHS</key>
				<string>NO</string>
				<key>ARCHS</key>
				<array>
					<string>$(ARCHS_STANDARD_32_BIT)</string>
					<string>armv7s</string>
					<string>armv7</string>
					<string>armv6</string>
				</array>
				<key>CLANG_ENABLE_OBJC_ARC</key>
				<string>YES</string>
				<key>CODE_SIGN_IDENTITY</key>
				<string>iPhone Distribution: Roozbeh Zabihollahi</string>
				<key>CODE_SIGN_IDENTITY[sdk=iphoneos*]</key>
				<string>iPhone Distribution: Roozbeh Zabihollahi</string>
				<key>COPY_PHASE_STRIP</key>
				<string>NO</string>
				<key>GCC_C_LANGUAGE_STANDARD</key>
				<string>gnu99</string>
				<key>GCC_DYNAMIC_NO_PIC</key>
				<string>NO</string>
				<key>GCC_OPTIMIZATION_LEVEL</key>
				<string>0</string>
				<key>GCC_PREPROCESSOR_DEFINITIONS</key>
				<array>
					<string>DEBUG=1</string>
					<string>$(inherited)</string>
				</array>
				<key>GCC_SYMBOLS_PRIVATE_EXTERN</key>
				<string>NO</string>
				<key>GCC_VERSION</key>
				<string>com.apple.compilers.llvm.clang.1_0</string>
				<key>GCC_WARN_ABOUT_MISSING_PROTOTYPES</key>
				<string>YES</string>
				<key>GCC_WARN_ABOUT_RETURN_TYPE</key>
				<string>YES</string>
				<key>GCC_WARN_UNUSED_VARIABLE</key>
				<string>YES</string>
				<key>IPHONEOS_DEPLOYMENT_TARGET</key>
				<string>3.0</string>
				<key>PROVISIONING_PROFILE</key>
				<string>3DE5646D-FE3A-42C1-8D96-795CAC4FD71D</string>
				<key>PROVISIONING_PROFILE[sdk=iphoneos*]</key>
				<string>3DE5646D-FE3A-42C1-8D96-795CAC4FD71D</string>
				<key>SDKROOT</key>
				<string>iphoneos</string>
			</dict>
			<key>isa</key>
			<string>XCBuildConfiguration</string>
			<key>name</key>
			<string>Debug</string>
		</dict>
		<key>BDF5DC3516477AB100A731A1</key>
		<dict>
			<key>buildSettings</key>
			<dict>
				<key>ALWAYS_SEARCH_USER_PATHS</key>
				<string>NO</string>
				<key>ARCHS</key>
				<array>
					<string>$(ARCHS_STANDARD_32_BIT)</string>
					<string>armv7s</string>
					<string>armv6</string>
				</array>
				<key>CLANG_ENABLE_OBJC_ARC</key>
				<string>YES</string>
				<key>CODE_SIGN_IDENTITY</key>
				<string>iPhone Distribution: Roozbeh Zabihollahi</string>
				<key>CODE_SIGN_IDENTITY[sdk=iphoneos*]</key>
				<string>iPhone Distribution: Roozbeh Zabihollahi</string>
				<key>COPY_PHASE_STRIP</key>
				<string>YES</string>
				<key>GCC_C_LANGUAGE_STANDARD</key>
				<string>gnu99</string>
				<key>GCC_VERSION</key>
				<string>com.apple.compilers.llvm.clang.1_0</string>
				<key>GCC_WARN_ABOUT_MISSING_PROTOTYPES</key>
				<string>YES</string>
				<key>GCC_WARN_ABOUT_RETURN_TYPE</key>
				<string>YES</string>
				<key>GCC_WARN_UNUSED_VARIABLE</key>
				<string>YES</string>
				<key>IPHONEOS_DEPLOYMENT_TARGET</key>
				<string>3.0</string>
				<key>OTHER_CFLAGS</key>
				<string>-DNS_BLOCK_ASSERTIONS=1</string>
				<key>PROVISIONING_PROFILE</key>
				<string>3DE5646D-FE3A-42C1-8D96-795CAC4FD71D</string>
				<key>PROVISIONING_PROFILE[sdk=iphoneos*]</key>
				<string>3DE5646D-FE3A-42C1-8D96-795CAC4FD71D</string>
				<key>SDKROOT</key>
				<string>iphoneos</string>
				<key>VALIDATE_PRODUCT</key>
				<string>YES</string>
			</dict>
			<key>isa</key>
			<string>XCBuildConfiguration</string>
			<key>name</key>
			<string>Release</string>
		</dict>
		<key>BDF5DC3616477AB100A731A1</key>
		<dict>
			<key>buildConfigurations</key>
			<array>
				<string>BDF5DC3716477AB100A731A1</string>
				<string>BDF5DC3816477AB100A731A1</string>
			</array>
			<key>defaultConfigurationIsVisible</key>
			<string>0</string>
			<key>defaultConfigurationName</key>
			<string>Release</string>
			<key>isa</key>
			<string>XCConfigurationList</string>
		</dict>
		<key>BDF5DC3716477AB100A731A1</key>
		<dict>
			<key>baseConfigurationReference</key>
			<string>2A0336AC34EB2812E9926167</string>
			<key>buildSettings</key>
			<dict>
				<key>ARCHS</key>
				<string>$(ARCHS_STANDARD)</string>
				<key>ASSETCATALOG_COMPILER_APPICON_NAME</key>
				<string>AppIcon</string>
				<key>ASSETCATALOG_COMPILER_LAUNCHIMAGE_NAME</key>
				<string>LaunchImage</string>
				<key>CODE_SIGN_IDENTITY</key>
				<string>iPhone Distribution: Roozbeh Zabihollahi (4JE8Q22V45)</string>
				<key>GCC_PRECOMPILE_PREFIX_HEADER</key>
				<string>YES</string>
				<key>GCC_PREFIX_HEADER</key>
				<string>AskHafezNative4/AskHafezNative4-Prefix.pch</string>
				<key>INFOPLIST_FILE</key>
				<string>AskHafezNative4/AskHafezNative4-Info.plist</string>
				<key>IPHONEOS_DEPLOYMENT_TARGET</key>
				<string>7.0</string>
				<key>LIBRARY_SEARCH_PATHS</key>
				<array>
					<string>$(inherited)</string>
					<string>"$(SRCROOT)/AskHafezNative4"</string>
				</array>
				<key>PRODUCT_NAME</key>
				<string>$(TARGET_NAME)</string>
				<key>PROVISIONING_PROFILE</key>
				<string>AAE66D0A-1E82-4314-B0CD-20237644576B</string>
				<key>WRAPPER_EXTENSION</key>
				<string>app</string>
			</dict>
			<key>isa</key>
			<string>XCBuildConfiguration</string>
			<key>name</key>
			<string>Debug</string>
		</dict>
		<key>BDF5DC3816477AB100A731A1</key>
		<dict>
			<key>baseConfigurationReference</key>
			<string>668EF0960EA400E49BD80DDB</string>
			<key>buildSettings</key>
			<dict>
				<key>ARCHS</key>
				<string>$(ARCHS_STANDARD)</string>
				<key>ASSETCATALOG_COMPILER_APPICON_NAME</key>
				<string>AppIcon</string>
				<key>ASSETCATALOG_COMPILER_LAUNCHIMAGE_NAME</key>
				<string>LaunchImage</string>
				<key>CODE_SIGN_IDENTITY</key>
				<string>iPhone Distribution: Roozbeh Zabihollahi (4JE8Q22V45)</string>
				<key>GCC_PRECOMPILE_PREFIX_HEADER</key>
				<string>YES</string>
				<key>GCC_PREFIX_HEADER</key>
				<string>AskHafezNative4/AskHafezNative4-Prefix.pch</string>
				<key>INFOPLIST_FILE</key>
				<string>AskHafezNative4/AskHafezNative4-Info.plist</string>
				<key>IPHONEOS_DEPLOYMENT_TARGET</key>
				<string>7.0</string>
				<key>LIBRARY_SEARCH_PATHS</key>
				<array>
					<string>$(inherited)</string>
					<string>"$(SRCROOT)/AskHafezNative4"</string>
				</array>
				<key>PRODUCT_NAME</key>
				<string>$(TARGET_NAME)</string>
				<key>PROVISIONING_PROFILE</key>
				<string>AAE66D0A-1E82-4314-B0CD-20237644576B</string>
				<key>WRAPPER_EXTENSION</key>
				<string>app</string>
			</dict>
			<key>isa</key>
			<string>XCBuildConfiguration</string>
			<key>name</key>
			<string>Release</string>
		</dict>
		<key>BDF5DC3916477AB100A731A1</key>
		<dict>
			<key>buildConfigurations</key>
			<array>
				<string>BDF5DC3A16477AB100A731A1</string>
				<string>BDF5DC3B16477AB100A731A1</string>
			</array>
			<key>defaultConfigurationIsVisible</key>
			<string>0</string>
			<key>defaultConfigurationName</key>
			<string>Release</string>
			<key>isa</key>
			<string>XCConfigurationList</string>
		</dict>
		<key>BDF5DC3A16477AB100A731A1</key>
		<dict>
			<key>buildSettings</key>
			<dict>
				<key>BUNDLE_LOADER</key>
				<string>$(BUILT_PRODUCTS_DIR)/AskHafezNative4.app/AskHafezNative4</string>
				<key>FRAMEWORK_SEARCH_PATHS</key>
				<array>
					<string>$(SDKROOT)/Developer/Library/Frameworks</string>
					<string>$(DEVELOPER_LIBRARY_DIR)/Frameworks</string>
				</array>
				<key>GCC_PRECOMPILE_PREFIX_HEADER</key>
				<string>YES</string>
				<key>GCC_PREFIX_HEADER</key>
				<string>AskHafezNative4/AskHafezNative4-Prefix.pch</string>
				<key>INFOPLIST_FILE</key>
				<string>AskHafezNative4Tests/AskHafezNative4Tests-Info.plist</string>
				<key>PRODUCT_NAME</key>
				<string>$(TARGET_NAME)</string>
				<key>TEST_HOST</key>
				<string>$(BUNDLE_LOADER)</string>
				<key>WRAPPER_EXTENSION</key>
				<string>octest</string>
			</dict>
			<key>isa</key>
			<string>XCBuildConfiguration</string>
			<key>name</key>
			<string>Debug</string>
		</dict>
		<key>BDF5DC3B16477AB100A731A1</key>
		<dict>
			<key>buildSettings</key>
			<dict>
				<key>BUNDLE_LOADER</key>
				<string>$(BUILT_PRODUCTS_DIR)/AskHafezNative4.app/AskHafezNative4</string>
				<key>FRAMEWORK_SEARCH_PATHS</key>
				<array>
					<string>$(SDKROOT)/Developer/Library/Frameworks</string>
					<string>$(DEVELOPER_LIBRARY_DIR)/Frameworks</string>
				</array>
				<key>GCC_PRECOMPILE_PREFIX_HEADER</key>
				<string>YES</string>
				<key>GCC_PREFIX_HEADER</key>
				<string>AskHafezNative4/AskHafezNative4-Prefix.pch</string>
				<key>INFOPLIST_FILE</key>
				<string>AskHafezNative4Tests/AskHafezNative4Tests-Info.plist</string>
				<key>PRODUCT_NAME</key>
				<string>$(TARGET_NAME)</string>
				<key>TEST_HOST</key>
				<string>$(BUNDLE_LOADER)</string>
				<key>WRAPPER_EXTENSION</key>
				<string>octest</string>
			</dict>
			<key>isa</key>
			<string>XCBuildConfiguration</string>
			<key>name</key>
			<string>Release</string>
		</dict>
		<key>BDF5DC3C16477BDD00A731A1</key>
		<dict>
			<key>children</key>
			<array>
				<string>BD2D7C4818A6FAAD007B627A</string>
				<string>BD2D7C4618A6F983007B627A</string>
				<string>BDD3EDDE18A9E6AA00BABAE7</string>
				<string>BD146268165855D9005BD350</string>
				<string>BD2D7C3F18A6ACF5007B627A</string>
				<string>BD146264165853CF005BD350</string>
				<string>BD914231164789B200F5F106</string>
				<string>BDF5DC0E16477AAE00A731A1</string>
				<string>BDF5DC1016477AAE00A731A1</string>
				<string>BDF5DC1516477AAE00A731A1</string>
				<string>BDF5DC1716477AAE00A731A1</string>
				<string>BDF5DC3D16477BE800A731A1</string>
				<string>BDF5DC3E16477BE800A731A1</string>
				<string>BDF5DC3F16477BE800A731A1</string>
				<string>BDF5DC4016477BE800A731A1</string>
				<string>BDF5DC4116477BE800A731A1</string>
				<string>BDF5DC4216477BE800A731A1</string>
				<string>BDF5DC4316477BE800A731A1</string>
			</array>
			<key>isa</key>
			<string>PBXGroup</string>
			<key>name</key>
			<string>images</string>
			<key>sourceTree</key>
			<string>&lt;group&gt;</string>
		</dict>
		<key>BDF5DC3D16477BE800A731A1</key>
		<dict>
			<key>isa</key>
			<string>PBXFileReference</string>
			<key>lastKnownFileType</key>
			<string>image.png</string>
			<key>name</key>
			<string>button.png</string>
			<key>path</key>
			<string>AskHafezNative4/images/button.png</string>
			<key>sourceTree</key>
			<string>&lt;group&gt;</string>
		</dict>
		<key>BDF5DC3E16477BE800A731A1</key>
		<dict>
			<key>isa</key>
			<string>PBXFileReference</string>
			<key>lastKnownFileType</key>
			<string>image.png</string>
			<key>name</key>
			<string>Default.png</string>
			<key>path</key>
			<string>AskHafezNative4/images/Default.png</string>
			<key>sourceTree</key>
			<string>&lt;group&gt;</string>
		</dict>
		<key>BDF5DC3F16477BE800A731A1</key>
		<dict>
			<key>isa</key>
			<string>PBXFileReference</string>
			<key>lastKnownFileType</key>
			<string>image.png</string>
			<key>name</key>
			<string>Default@2x.png</string>
			<key>path</key>
			<string>AskHafezNative4/images/Default@2x.png</string>
			<key>sourceTree</key>
			<string>&lt;group&gt;</string>
		</dict>
		<key>BDF5DC4016477BE800A731A1</key>
		<dict>
			<key>isa</key>
			<string>PBXFileReference</string>
			<key>lastKnownFileType</key>
			<string>image.png</string>
			<key>name</key>
			<string>dice.png</string>
			<key>path</key>
			<string>AskHafezNative4/images/dice.png</string>
			<key>sourceTree</key>
			<string>&lt;group&gt;</string>
		</dict>
		<key>BDF5DC4116477BE800A731A1</key>
		<dict>
			<key>isa</key>
			<string>PBXFileReference</string>
			<key>lastKnownFileType</key>
			<string>image.png</string>
			<key>name</key>
			<string>ghazal_pic_portrait.png</string>
			<key>path</key>
			<string>AskHafezNative4/images/ghazal_pic_portrait.png</string>
			<key>sourceTree</key>
			<string>&lt;group&gt;</string>
		</dict>
		<key>BDF5DC4216477BE800A731A1</key>
		<dict>
			<key>isa</key>
			<string>PBXFileReference</string>
			<key>lastKnownFileType</key>
			<string>image.png</string>
			<key>name</key>
			<string>ghazal.png</string>
			<key>path</key>
			<string>AskHafezNative4/images/ghazal.png</string>
			<key>sourceTree</key>
			<string>&lt;group&gt;</string>
		</dict>
		<key>BDF5DC4316477BE800A731A1</key>
		<dict>
			<key>isa</key>
			<string>PBXFileReference</string>
			<key>lastKnownFileType</key>
			<string>image.png</string>
			<key>name</key>
			<string>search.png</string>
			<key>path</key>
			<string>AskHafezNative4/images/search.png</string>
			<key>sourceTree</key>
			<string>&lt;group&gt;</string>
		</dict>
		<key>BDF5DC4416477BE800A731A1</key>
		<dict>
			<key>fileRef</key>
			<string>BDF5DC3D16477BE800A731A1</string>
			<key>isa</key>
			<string>PBXBuildFile</string>
		</dict>
		<key>BDF5DC4516477BE800A731A1</key>
		<dict>
			<key>fileRef</key>
			<string>BDF5DC3E16477BE800A731A1</string>
			<key>isa</key>
			<string>PBXBuildFile</string>
		</dict>
		<key>BDF5DC4616477BE800A731A1</key>
		<dict>
			<key>fileRef</key>
			<string>BDF5DC3F16477BE800A731A1</string>
			<key>isa</key>
			<string>PBXBuildFile</string>
		</dict>
		<key>BDF5DC4716477BE800A731A1</key>
		<dict>
			<key>fileRef</key>
			<string>BDF5DC4016477BE800A731A1</string>
			<key>isa</key>
			<string>PBXBuildFile</string>
		</dict>
		<key>BDF5DC4816477BE800A731A1</key>
		<dict>
			<key>fileRef</key>
			<string>BDF5DC4116477BE800A731A1</string>
			<key>isa</key>
			<string>PBXBuildFile</string>
		</dict>
		<key>BDF5DC4916477BE800A731A1</key>
		<dict>
			<key>fileRef</key>
			<string>BDF5DC4216477BE800A731A1</string>
			<key>isa</key>
			<string>PBXBuildFile</string>
		</dict>
		<key>BDF5DC4A16477BE800A731A1</key>
		<dict>
			<key>fileRef</key>
			<string>BDF5DC4316477BE800A731A1</string>
			<key>isa</key>
			<string>PBXBuildFile</string>
		</dict>
		<key>BDF5DC4B16477BED00A731A1</key>
		<dict>
			<key>children</key>
			<array>
				<string>BDF5DC4C16477BFB00A731A1</string>
			</array>
			<key>isa</key>
			<string>PBXGroup</string>
			<key>name</key>
			<string>db</string>
			<key>sourceTree</key>
			<string>&lt;group&gt;</string>
		</dict>
		<key>BDF5DC4C16477BFB00A731A1</key>
		<dict>
			<key>isa</key>
			<string>PBXFileReference</string>
			<key>lastKnownFileType</key>
			<string>file</string>
			<key>name</key>
			<string>ghazals.sqlite</string>
			<key>path</key>
			<string>AskHafezNative4/db/ghazals.sqlite</string>
			<key>sourceTree</key>
			<string>&lt;group&gt;</string>
		</dict>
		<key>BDF5DC4D16477BFB00A731A1</key>
		<dict>
			<key>fileRef</key>
			<string>BDF5DC4C16477BFB00A731A1</string>
			<key>isa</key>
			<string>PBXBuildFile</string>
		</dict>
		<key>BDF5DC5116477D2700A731A1</key>
		<dict>
			<key>fileEncoding</key>
			<string>4</string>
			<key>isa</key>
			<string>PBXFileReference</string>
			<key>lastKnownFileType</key>
			<string>sourcecode.c.h</string>
			<key>path</key>
			<string>SearchViewController.h</string>
			<key>sourceTree</key>
			<string>&lt;group&gt;</string>
		</dict>
		<key>BDF5DC5216477D2700A731A1</key>
		<dict>
			<key>fileEncoding</key>
			<string>4</string>
			<key>isa</key>
			<string>PBXFileReference</string>
			<key>lastKnownFileType</key>
			<string>sourcecode.c.objc</string>
			<key>path</key>
			<string>SearchViewController.m</string>
			<key>sourceTree</key>
			<string>&lt;group&gt;</string>
		</dict>
		<key>BDF5DC5316477D2700A731A1</key>
		<dict>
			<key>fileEncoding</key>
			<string>4</string>
			<key>isa</key>
			<string>PBXFileReference</string>
			<key>lastKnownFileType</key>
			<string>file.xib</string>
			<key>path</key>
			<string>SearchViewController.xib</string>
			<key>sourceTree</key>
			<string>&lt;group&gt;</string>
		</dict>
		<key>BDF5DC5416477D2700A731A1</key>
		<dict>
			<key>fileRef</key>
			<string>BDF5DC5216477D2700A731A1</string>
			<key>isa</key>
			<string>PBXBuildFile</string>
		</dict>
		<key>BDF5DC5516477D2700A731A1</key>
		<dict>
			<key>fileRef</key>
			<string>BDF5DC5316477D2700A731A1</string>
			<key>isa</key>
			<string>PBXBuildFile</string>
		</dict>
		<key>BDF5DC5616477F2E00A731A1</key>
		<dict>
			<key>fileEncoding</key>
			<string>4</string>
			<key>isa</key>
			<string>PBXFileReference</string>
			<key>lastKnownFileType</key>
			<string>sourcecode.c.h</string>
			<key>path</key>
			<string>CommonUtils.h</string>
			<key>sourceTree</key>
			<string>&lt;group&gt;</string>
		</dict>
		<key>BDF5DC5716477F2E00A731A1</key>
		<dict>
			<key>fileEncoding</key>
			<string>4</string>
			<key>isa</key>
			<string>PBXFileReference</string>
			<key>lastKnownFileType</key>
			<string>sourcecode.c.objc</string>
			<key>path</key>
			<string>CommonUtils.m</string>
			<key>sourceTree</key>
			<string>&lt;group&gt;</string>
		</dict>
		<key>BDF5DC5816477F2E00A731A1</key>
		<dict>
			<key>fileRef</key>
			<string>BDF5DC5716477F2E00A731A1</string>
			<key>isa</key>
			<string>PBXBuildFile</string>
		</dict>
		<key>E44FC2E5E97BED855E4BF927</key>
		<dict>
			<key>explicitFileType</key>
			<string>archive.ar</string>
			<key>includeInIndex</key>
			<string>0</string>
			<key>isa</key>
			<string>PBXFileReference</string>
			<key>path</key>
			<string>libPods.a</string>
			<key>sourceTree</key>
			<string>BUILT_PRODUCTS_DIR</string>
		</dict>
	</dict>
	<key>rootObject</key>
	<string>BDF5DBEC16477AAE00A731A1</string>
</dict>
</plist>
