// !$*UTF8*$!
{
	archiveVersion = 1;
	classes = {
	};
	objectVersion = 46;
	objects = {

/* Begin PBXBuildFile section */
		9D1F69004C5304C64CF6A7BD /* libPods.a in Frameworks */ = {isa = PBXBuildFile; fileRef = 3E25AEB38DE1CECD7610B13F /* libPods.a */; };
		BD0E8ACB1657526900E3344E /* UIKit.framework in Frameworks */ = {isa = PBXBuildFile; fileRef = BDF5DBF916477AAE00A731A1 /* UIKit.framework */; };
		BD0E8ACC1657526900E3344E /* Foundation.framework in Frameworks */ = {isa = PBXBuildFile; fileRef = BDF5DBFB16477AAE00A731A1 /* Foundation.framework */; };
		BD0E8ACD1657526900E3344E /* CoreGraphics.framework in Frameworks */ = {isa = PBXBuildFile; fileRef = BDF5DBFD16477AAE00A731A1 /* CoreGraphics.framework */; };
		BD0E8AD31657526900E3344E /* InfoPlist.strings in Resources */ = {isa = PBXBuildFile; fileRef = BD0E8AD11657526900E3344E /* InfoPlist.strings */; };
		BD0E8AD51657526900E3344E /* main.m in Sources */ = {isa = PBXBuildFile; fileRef = BD0E8AD41657526900E3344E /* main.m */; };
		BD0E8AD91657526900E3344E /* HafezAppDelegate.m in Sources */ = {isa = PBXBuildFile; fileRef = BD0E8AD81657526900E3344E /* HafezAppDelegate.m */; };
		BD0E8ADC1657526900E3344E /* HafezRootViewController.m in Sources */ = {isa = PBXBuildFile; fileRef = BD0E8ADB1657526900E3344E /* HafezRootViewController.m */; };
		BD0E8ADF1657526900E3344E /* HafezDataViewController.m in Sources */ = {isa = PBXBuildFile; fileRef = BD0E8ADE1657526900E3344E /* HafezDataViewController.m */; };
		BD0E8AE21657526900E3344E /* HafezModelController.m in Sources */ = {isa = PBXBuildFile; fileRef = BD0E8AE11657526900E3344E /* HafezModelController.m */; };
		BD0E8AED1657526A00E3344E /* UIKit.framework in Frameworks */ = {isa = PBXBuildFile; fileRef = BDF5DBF916477AAE00A731A1 /* UIKit.framework */; };
		BD0E8AEE1657526A00E3344E /* Foundation.framework in Frameworks */ = {isa = PBXBuildFile; fileRef = BDF5DBFB16477AAE00A731A1 /* Foundation.framework */; };
		BD0E8AF61657526A00E3344E /* InfoPlist.strings in Resources */ = {isa = PBXBuildFile; fileRef = BD0E8AF41657526A00E3344E /* InfoPlist.strings */; };
		BD0E8AF91657526A00E3344E /* Ask_Hafez_iPadTests.m in Sources */ = {isa = PBXBuildFile; fileRef = BD0E8AF81657526A00E3344E /* Ask_Hafez_iPadTests.m */; };
		BD0E8B0016575A8D00E3344E /* libsqlite3.0.dylib in Frameworks */ = {isa = PBXBuildFile; fileRef = BD56BDD21656038A006D31D7 /* libsqlite3.0.dylib */; };
		BD0E8B0416575D5400E3344E /* ghazals.sqlite in Resources */ = {isa = PBXBuildFile; fileRef = BDF5DC4C16477BFB00A731A1 /* ghazals.sqlite */; };
		BD146258165760DA005BD350 /* ghazal_pic_portrait.png in Resources */ = {isa = PBXBuildFile; fileRef = BDF5DC4116477BE800A731A1 /* ghazal_pic_portrait.png */; };
		BD146266165853CF005BD350 /* search_b.png in Resources */ = {isa = PBXBuildFile; fileRef = BD146264165853CF005BD350 /* search_b.png */; };
		BD14626A165855D9005BD350 /* sign_post2.gif in Resources */ = {isa = PBXBuildFile; fileRef = BD146268165855D9005BD350 /* sign_post2.gif */; };
		BD14626B165893DF005BD350 /* button.png in Resources */ = {isa = PBXBuildFile; fileRef = BDF5DC3D16477BE800A731A1 /* button.png */; };
		BD14626F16589434005BD350 /* FaalViewController.m in Sources */ = {isa = PBXBuildFile; fileRef = BD14626D16589434005BD350 /* FaalViewController.m */; };
		BD1820371D450E7B004D7C4E /* FBAudienceNetwork.framework in Frameworks */ = {isa = PBXBuildFile; fileRef = BD1820361D450E7B004D7C4E /* FBAudienceNetwork.framework */; };
		BD2D7C3718A6A1BA007B627A /* MainStoryboard.storyboard in Resources */ = {isa = PBXBuildFile; fileRef = BD2D7C3518A6A1BA007B627A /* MainStoryboard.storyboard */; };
		BD2D7C3918A6A1DC007B627A /* iPhoneMainStoryboard.storyboard in Resources */ = {isa = PBXBuildFile; fileRef = BD2D7C3818A6A1DC007B627A /* iPhoneMainStoryboard.storyboard */; };
		BD2D7C4018A6ACF5007B627A /* mainPageBg.png in Resources */ = {isa = PBXBuildFile; fileRef = BD2D7C3F18A6ACF5007B627A /* mainPageBg.png */; };
		BD2D7C4318A6ADE1007B627A /* iCarousel.m in Sources */ = {isa = PBXBuildFile; fileRef = BD2D7C4218A6ADE1007B627A /* iCarousel.m */; };
		BD2D7C4518A6B2F0007B627A /* QuartzCore.framework in Frameworks */ = {isa = PBXBuildFile; fileRef = BD2D7C4418A6B2F0007B627A /* QuartzCore.framework */; };
		BD2D7C4718A6F983007B627A /* backBtn.png in Resources */ = {isa = PBXBuildFile; fileRef = BD2D7C4618A6F983007B627A /* backBtn.png */; };
		BD2D7C4918A6FAAD007B627A /* facebookBtn.png in Resources */ = {isa = PBXBuildFile; fileRef = BD2D7C4818A6FAAD007B627A /* facebookBtn.png */; };
		BD2D7C4C18A7160F007B627A /* GhazalViewController.m in Sources */ = {isa = PBXBuildFile; fileRef = BD2D7C4B18A7160F007B627A /* GhazalViewController.m */; };
		BD2D7C4E18A73D76007B627A /* Social.framework in Frameworks */ = {isa = PBXBuildFile; fileRef = BD2D7C4D18A73D76007B627A /* Social.framework */; };
		BD54AAF716487CA000E55C9C /* CFNetwork.framework in Frameworks */ = {isa = PBXBuildFile; fileRef = BD54AAF616487CA000E55C9C /* CFNetwork.framework */; };
		BD56BDD31656038A006D31D7 /* libsqlite3.0.dylib in Frameworks */ = {isa = PBXBuildFile; fileRef = BD56BDD21656038A006D31D7 /* libsqlite3.0.dylib */; };
		BD6BF5941A0330AC0009BC33 /* CoreData.framework in Frameworks */ = {isa = PBXBuildFile; fileRef = BD6BF5931A0330AC0009BC33 /* CoreData.framework */; };
		BD6BF5961A0330B60009BC33 /* SystemConfiguration.framework in Frameworks */ = {isa = PBXBuildFile; fileRef = BD6BF5951A0330B60009BC33 /* SystemConfiguration.framework */; };
		BD6BF5981A0330C00009BC33 /* libz.dylib in Frameworks */ = {isa = PBXBuildFile; fileRef = BD6BF5971A0330C00009BC33 /* libz.dylib */; };
		BD6BF59D1A0337CA0009BC33 /* libGoogleAnalyticsServices.a in Frameworks */ = {isa = PBXBuildFile; fileRef = BD6BF59C1A0337CA0009BC33 /* libGoogleAnalyticsServices.a */; };
		BD8050981D32ECB4006C7730 /* Images.xcassets in Resources */ = {isa = PBXBuildFile; fileRef = BD2D7C3A18A6A2BA007B627A /* Images.xcassets */; };
		BD914232164789B200F5F106 /* Icon.png in Resources */ = {isa = PBXBuildFile; fileRef = BD914231164789B200F5F106 /* Icon.png */; };
		BD96EFC31BE2F93A00BE13DE /* MainStoryboard.storyboard in Resources */ = {isa = PBXBuildFile; fileRef = BD2D7C3518A6A1BA007B627A /* MainStoryboard.storyboard */; };
		BD96EFC41BE2FA6B00BE13DE /* HafezSearchViewController.m in Sources */ = {isa = PBXBuildFile; fileRef = BD91931C166281F3009E472D /* HafezSearchViewController.m */; };
		BD96EFC51BE2FA6B00BE13DE /* FaalViewController.m in Sources */ = {isa = PBXBuildFile; fileRef = BD14626D16589434005BD350 /* FaalViewController.m */; };
		BD96EFC71BE2FA6B00BE13DE /* HafezRootViewController.m in Sources */ = {isa = PBXBuildFile; fileRef = BD0E8ADB1657526900E3344E /* HafezRootViewController.m */; };
		BD96EFC81BE2FA6B00BE13DE /* HafezDataViewController.m in Sources */ = {isa = PBXBuildFile; fileRef = BD0E8ADE1657526900E3344E /* HafezDataViewController.m */; };
		BD96EFC91BE2FA6B00BE13DE /* HafezModelController.m in Sources */ = {isa = PBXBuildFile; fileRef = BD0E8AE11657526900E3344E /* HafezModelController.m */; };
		BD9CD4701B61EB98004B2B30 /* libGoogleAnalyticsServices.a in Frameworks */ = {isa = PBXBuildFile; fileRef = BD6BF59C1A0337CA0009BC33 /* libGoogleAnalyticsServices.a */; };
		BD9CD4711B61EBBE004B2B30 /* libz.dylib in Frameworks */ = {isa = PBXBuildFile; fileRef = BD6BF5971A0330C00009BC33 /* libz.dylib */; };
		BD9CD4721B61EBE1004B2B30 /* SystemConfiguration.framework in Frameworks */ = {isa = PBXBuildFile; fileRef = BD6BF5951A0330B60009BC33 /* SystemConfiguration.framework */; };
		BD9CD4731B61EBEF004B2B30 /* CoreData.framework in Frameworks */ = {isa = PBXBuildFile; fileRef = BD6BF5931A0330AC0009BC33 /* CoreData.framework */; };
		BD9CD48D1B61F9E7004B2B30 /* Images.xcassets in Resources */ = {isa = PBXBuildFile; fileRef = BD2D7C3A18A6A2BA007B627A /* Images.xcassets */; };
		BDD3EDD918A9CD7300BABAE7 /* iRate.bundle in Resources */ = {isa = PBXBuildFile; fileRef = BDD3EDD618A9CD7300BABAE7 /* iRate.bundle */; };
		BDD3EDDA18A9CD7300BABAE7 /* iRate.m in Sources */ = {isa = PBXBuildFile; fileRef = BDD3EDD818A9CD7300BABAE7 /* iRate.m */; };
		BDD3EDDD18A9D08600BABAE7 /* GhazalCell.m in Sources */ = {isa = PBXBuildFile; fileRef = BDD3EDDC18A9D08600BABAE7 /* GhazalCell.m */; };
		BDD3EDDF18A9E6AA00BABAE7 /* fbshare.jpg in Resources */ = {isa = PBXBuildFile; fileRef = BDD3EDDE18A9E6AA00BABAE7 /* fbshare.jpg */; };
		BDE608051662B36700E082A3 /* HafezSearchViewController.m in Sources */ = {isa = PBXBuildFile; fileRef = BD91931C166281F3009E472D /* HafezSearchViewController.m */; };
		BDE608071662BD9A00E082A3 /* CFNetwork.framework in Frameworks */ = {isa = PBXBuildFile; fileRef = BD54AAF616487CA000E55C9C /* CFNetwork.framework */; };
		BDEE359A1D3C21E700F35178 /* HafezAPI.m in Sources */ = {isa = PBXBuildFile; fileRef = BDEE35991D3C21E700F35178 /* HafezAPI.m */; };
		BDEE359B1D3C21F000F35178 /* HafezAPI.m in Sources */ = {isa = PBXBuildFile; fileRef = BDEE35991D3C21E700F35178 /* HafezAPI.m */; };
		BDF5DBFA16477AAE00A731A1 /* UIKit.framework in Frameworks */ = {isa = PBXBuildFile; fileRef = BDF5DBF916477AAE00A731A1 /* UIKit.framework */; };
		BDF5DBFC16477AAE00A731A1 /* Foundation.framework in Frameworks */ = {isa = PBXBuildFile; fileRef = BDF5DBFB16477AAE00A731A1 /* Foundation.framework */; };
		BDF5DBFE16477AAE00A731A1 /* CoreGraphics.framework in Frameworks */ = {isa = PBXBuildFile; fileRef = BDF5DBFD16477AAE00A731A1 /* CoreGraphics.framework */; };
		BDF5DC0416477AAE00A731A1 /* InfoPlist.strings in Resources */ = {isa = PBXBuildFile; fileRef = BDF5DC0216477AAE00A731A1 /* InfoPlist.strings */; };
		BDF5DC0616477AAE00A731A1 /* main.m in Sources */ = {isa = PBXBuildFile; fileRef = BDF5DC0516477AAE00A731A1 /* main.m */; };
		BDF5DC0A16477AAE00A731A1 /* HafezAppDelegate.m in Sources */ = {isa = PBXBuildFile; fileRef = BDF5DC0916477AAE00A731A1 /* HafezAppDelegate.m */; };
		BDF5DC0D16477AAE00A731A1 /* GhazalsViewController.m in Sources */ = {isa = PBXBuildFile; fileRef = BDF5DC0C16477AAE00A731A1 /* GhazalsViewController.m */; };
		BDF5DC0F16477AAE00A731A1 /* first.png in Resources */ = {isa = PBXBuildFile; fileRef = BDF5DC0E16477AAE00A731A1 /* first.png */; };
		BDF5DC1116477AAE00A731A1 /* first@2x.png in Resources */ = {isa = PBXBuildFile; fileRef = BDF5DC1016477AAE00A731A1 /* first@2x.png */; };
		BDF5DC1416477AAE00A731A1 /* FaalPhoneViewController.m in Sources */ = {isa = PBXBuildFile; fileRef = BDF5DC1316477AAE00A731A1 /* FaalPhoneViewController.m */; };
		BDF5DC1616477AAE00A731A1 /* second.png in Resources */ = {isa = PBXBuildFile; fileRef = BDF5DC1516477AAE00A731A1 /* second.png */; };
		BDF5DC1816477AAE00A731A1 /* second@2x.png in Resources */ = {isa = PBXBuildFile; fileRef = BDF5DC1716477AAE00A731A1 /* second@2x.png */; };
		BDF5DC1B16477AAE00A731A1 /* GhazalsViewController.xib in Resources */ = {isa = PBXBuildFile; fileRef = BDF5DC1916477AAE00A731A1 /* GhazalsViewController.xib */; };
		BDF5DC1E16477AAF00A731A1 /* FaalPhoneViewController.xib in Resources */ = {isa = PBXBuildFile; fileRef = BDF5DC1C16477AAF00A731A1 /* FaalPhoneViewController.xib */; };
		BDF5DC4416477BE800A731A1 /* button.png in Resources */ = {isa = PBXBuildFile; fileRef = BDF5DC3D16477BE800A731A1 /* button.png */; };
		BDF5DC4716477BE800A731A1 /* dice.png in Resources */ = {isa = PBXBuildFile; fileRef = BDF5DC4016477BE800A731A1 /* dice.png */; };
		BDF5DC4816477BE800A731A1 /* ghazal_pic_portrait.png in Resources */ = {isa = PBXBuildFile; fileRef = BDF5DC4116477BE800A731A1 /* ghazal_pic_portrait.png */; };
		BDF5DC4916477BE800A731A1 /* ghazal.png in Resources */ = {isa = PBXBuildFile; fileRef = BDF5DC4216477BE800A731A1 /* ghazal.png */; };
		BDF5DC4A16477BE800A731A1 /* search.png in Resources */ = {isa = PBXBuildFile; fileRef = BDF5DC4316477BE800A731A1 /* search.png */; };
		BDF5DC4D16477BFB00A731A1 /* ghazals.sqlite in Resources */ = {isa = PBXBuildFile; fileRef = BDF5DC4C16477BFB00A731A1 /* ghazals.sqlite */; };
		BDF5DC5416477D2700A731A1 /* SearchViewController.m in Sources */ = {isa = PBXBuildFile; fileRef = BDF5DC5216477D2700A731A1 /* SearchViewController.m */; };
		BDF5DC5516477D2700A731A1 /* SearchViewController.xib in Resources */ = {isa = PBXBuildFile; fileRef = BDF5DC5316477D2700A731A1 /* SearchViewController.xib */; };
		BDF5DC5816477F2E00A731A1 /* CommonUtils.m in Sources */ = {isa = PBXBuildFile; fileRef = BDF5DC5716477F2E00A731A1 /* CommonUtils.m */; };
/* End PBXBuildFile section */

/* Begin PBXContainerItemProxy section */
		BD0E8AEF1657526A00E3344E /* PBXContainerItemProxy */ = {
			isa = PBXContainerItemProxy;
			containerPortal = BDF5DBEC16477AAE00A731A1 /* Project object */;
			proxyType = 1;
			remoteGlobalIDString = BD0E8AC81657526900E3344E;
			remoteInfo = "Ask Hafez iPad";
		};
/* End PBXContainerItemProxy section */

/* Begin PBXFileReference section */
		2A0336AC34EB2812E9926167 /* Pods.debug.xcconfig */ = {isa = PBXFileReference; includeInIndex = 1; lastKnownFileType = text.xcconfig; name = Pods.debug.xcconfig; path = "Pods/Target Support Files/Pods/Pods.debug.xcconfig"; sourceTree = "<group>"; };
		3E25AEB38DE1CECD7610B13F /* libPods.a */ = {isa = PBXFileReference; explicitFileType = archive.ar; includeInIndex = 0; path = libPods.a; sourceTree = BUILT_PRODUCTS_DIR; };
		668EF0960EA400E49BD80DDB /* Pods.release.xcconfig */ = {isa = PBXFileReference; includeInIndex = 1; lastKnownFileType = text.xcconfig; name = Pods.release.xcconfig; path = "Pods/Target Support Files/Pods/Pods.release.xcconfig"; sourceTree = "<group>"; };
		BD0E8AC91657526900E3344E /* Ask Hafez iPad.app */ = {isa = PBXFileReference; explicitFileType = wrapper.application; includeInIndex = 0; path = "Ask Hafez iPad.app"; sourceTree = BUILT_PRODUCTS_DIR; };
		BD0E8AD01657526900E3344E /* Ask Hafez iPad-Info.plist */ = {isa = PBXFileReference; lastKnownFileType = text.plist.xml; path = "Ask Hafez iPad-Info.plist"; sourceTree = "<group>"; };
		BD0E8AD21657526900E3344E /* en */ = {isa = PBXFileReference; lastKnownFileType = text.plist.strings; name = en; path = en.lproj/InfoPlist.strings; sourceTree = "<group>"; };
		BD0E8AD41657526900E3344E /* main.m */ = {isa = PBXFileReference; lastKnownFileType = sourcecode.c.objc; path = main.m; sourceTree = "<group>"; };
		BD0E8AD61657526900E3344E /* Ask Hafez iPad-Prefix.pch */ = {isa = PBXFileReference; lastKnownFileType = sourcecode.c.h; path = "Ask Hafez iPad-Prefix.pch"; sourceTree = "<group>"; };
		BD0E8AD71657526900E3344E /* HafezAppDelegate.h */ = {isa = PBXFileReference; lastKnownFileType = sourcecode.c.h; path = HafezAppDelegate.h; sourceTree = "<group>"; };
		BD0E8AD81657526900E3344E /* HafezAppDelegate.m */ = {isa = PBXFileReference; lastKnownFileType = sourcecode.c.objc; path = HafezAppDelegate.m; sourceTree = "<group>"; };
		BD0E8ADA1657526900E3344E /* HafezRootViewController.h */ = {isa = PBXFileReference; lastKnownFileType = sourcecode.c.h; path = HafezRootViewController.h; sourceTree = "<group>"; };
		BD0E8ADB1657526900E3344E /* HafezRootViewController.m */ = {isa = PBXFileReference; lastKnownFileType = sourcecode.c.objc; path = HafezRootViewController.m; sourceTree = "<group>"; };
		BD0E8ADD1657526900E3344E /* HafezDataViewController.h */ = {isa = PBXFileReference; lastKnownFileType = sourcecode.c.h; path = HafezDataViewController.h; sourceTree = "<group>"; };
		BD0E8ADE1657526900E3344E /* HafezDataViewController.m */ = {isa = PBXFileReference; lastKnownFileType = sourcecode.c.objc; path = HafezDataViewController.m; sourceTree = "<group>"; };
		BD0E8AE01657526900E3344E /* HafezModelController.h */ = {isa = PBXFileReference; lastKnownFileType = sourcecode.c.h; path = HafezModelController.h; sourceTree = "<group>"; };
		BD0E8AE11657526900E3344E /* HafezModelController.m */ = {isa = PBXFileReference; lastKnownFileType = sourcecode.c.objc; path = HafezModelController.m; sourceTree = "<group>"; };
		BD0E8AEB1657526A00E3344E /* Ask Hafez iPadTests.xctest */ = {isa = PBXFileReference; explicitFileType = wrapper.cfbundle; includeInIndex = 0; path = "Ask Hafez iPadTests.xctest"; sourceTree = BUILT_PRODUCTS_DIR; };
		BD0E8AF31657526A00E3344E /* Ask Hafez iPadTests-Info.plist */ = {isa = PBXFileReference; lastKnownFileType = text.plist.xml; path = "Ask Hafez iPadTests-Info.plist"; sourceTree = "<group>"; };
		BD0E8AF51657526A00E3344E /* en */ = {isa = PBXFileReference; lastKnownFileType = text.plist.strings; name = en; path = en.lproj/InfoPlist.strings; sourceTree = "<group>"; };
		BD0E8AF71657526A00E3344E /* Ask_Hafez_iPadTests.h */ = {isa = PBXFileReference; lastKnownFileType = sourcecode.c.h; path = Ask_Hafez_iPadTests.h; sourceTree = "<group>"; };
		BD0E8AF81657526A00E3344E /* Ask_Hafez_iPadTests.m */ = {isa = PBXFileReference; lastKnownFileType = sourcecode.c.objc; path = Ask_Hafez_iPadTests.m; sourceTree = "<group>"; };
		BD0E8B0116575ADD00E3344E /* CommonUtils.h */ = {isa = PBXFileReference; fileEncoding = 4; lastKnownFileType = sourcecode.c.h; path = CommonUtils.h; sourceTree = "<group>"; };
		BD0E8B0216575ADD00E3344E /* CommonUtils.m */ = {isa = PBXFileReference; fileEncoding = 4; lastKnownFileType = sourcecode.c.objc; path = CommonUtils.m; sourceTree = "<group>"; };
		BD146264165853CF005BD350 /* search_b.png */ = {isa = PBXFileReference; lastKnownFileType = image.png; name = search_b.png; path = AskHafezNative4/images/search_b.png; sourceTree = "<group>"; };
		BD146268165855D9005BD350 /* sign_post2.gif */ = {isa = PBXFileReference; lastKnownFileType = image.gif; name = sign_post2.gif; path = AskHafezNative4/images/sign_post2.gif; sourceTree = "<group>"; };
		BD14626C16589434005BD350 /* FaalViewController.h */ = {isa = PBXFileReference; fileEncoding = 4; lastKnownFileType = sourcecode.c.h; path = FaalViewController.h; sourceTree = "<group>"; };
		BD14626D16589434005BD350 /* FaalViewController.m */ = {isa = PBXFileReference; fileEncoding = 4; lastKnownFileType = sourcecode.c.objc; path = FaalViewController.m; sourceTree = "<group>"; };
		BD1820361D450E7B004D7C4E /* FBAudienceNetwork.framework */ = {isa = PBXFileReference; lastKnownFileType = wrapper.framework; path = FBAudienceNetwork.framework; sourceTree = "<group>"; };
		BD2D7C3618A6A1BA007B627A /* en */ = {isa = PBXFileReference; lastKnownFileType = file.storyboard; name = en; path = en.lproj/MainStoryboard.storyboard; sourceTree = "<group>"; };
		BD2D7C3818A6A1DC007B627A /* iPhoneMainStoryboard.storyboard */ = {isa = PBXFileReference; fileEncoding = 4; lastKnownFileType = file.storyboard; path = iPhoneMainStoryboard.storyboard; sourceTree = "<group>"; };
		BD2D7C3A18A6A2BA007B627A /* Images.xcassets */ = {isa = PBXFileReference; lastKnownFileType = folder.assetcatalog; path = Images.xcassets; sourceTree = "<group>"; };
		BD2D7C3F18A6ACF5007B627A /* mainPageBg.png */ = {isa = PBXFileReference; lastKnownFileType = image.png; name = mainPageBg.png; path = AskHafezNative4/images/mainPageBg.png; sourceTree = "<group>"; };
		BD2D7C4118A6ADE1007B627A /* iCarousel.h */ = {isa = PBXFileReference; fileEncoding = 4; lastKnownFileType = sourcecode.c.h; name = iCarousel.h; path = Library/iCarousel.h; sourceTree = "<group>"; };
		BD2D7C4218A6ADE1007B627A /* iCarousel.m */ = {isa = PBXFileReference; fileEncoding = 4; lastKnownFileType = sourcecode.c.objc; name = iCarousel.m; path = Library/iCarousel.m; sourceTree = "<group>"; };
		BD2D7C4418A6B2F0007B627A /* QuartzCore.framework */ = {isa = PBXFileReference; lastKnownFileType = wrapper.framework; name = QuartzCore.framework; path = System/Library/Frameworks/QuartzCore.framework; sourceTree = SDKROOT; };
		BD2D7C4618A6F983007B627A /* backBtn.png */ = {isa = PBXFileReference; lastKnownFileType = image.png; name = backBtn.png; path = AskHafezNative4/images/backBtn.png; sourceTree = "<group>"; };
		BD2D7C4818A6FAAD007B627A /* facebookBtn.png */ = {isa = PBXFileReference; lastKnownFileType = image.png; name = facebookBtn.png; path = AskHafezNative4/images/facebookBtn.png; sourceTree = "<group>"; };
		BD2D7C4A18A7160F007B627A /* GhazalViewController.h */ = {isa = PBXFileReference; fileEncoding = 4; lastKnownFileType = sourcecode.c.h; path = GhazalViewController.h; sourceTree = "<group>"; };
		BD2D7C4B18A7160F007B627A /* GhazalViewController.m */ = {isa = PBXFileReference; fileEncoding = 4; lastKnownFileType = sourcecode.c.objc; path = GhazalViewController.m; sourceTree = "<group>"; };
		BD2D7C4D18A73D76007B627A /* Social.framework */ = {isa = PBXFileReference; lastKnownFileType = wrapper.framework; name = Social.framework; path = System/Library/Frameworks/Social.framework; sourceTree = SDKROOT; };
		BD54AAF616487CA000E55C9C /* CFNetwork.framework */ = {isa = PBXFileReference; lastKnownFileType = wrapper.framework; name = CFNetwork.framework; path = System/Library/Frameworks/CFNetwork.framework; sourceTree = SDKROOT; };
		BD56BDD21656038A006D31D7 /* libsqlite3.0.dylib */ = {isa = PBXFileReference; lastKnownFileType = "compiled.mach-o.dylib"; name = libsqlite3.0.dylib; path = usr/lib/libsqlite3.0.dylib; sourceTree = SDKROOT; };
		BD6BF5931A0330AC0009BC33 /* CoreData.framework */ = {isa = PBXFileReference; lastKnownFileType = wrapper.framework; name = CoreData.framework; path = System/Library/Frameworks/CoreData.framework; sourceTree = SDKROOT; };
		BD6BF5951A0330B60009BC33 /* SystemConfiguration.framework */ = {isa = PBXFileReference; lastKnownFileType = wrapper.framework; name = SystemConfiguration.framework; path = System/Library/Frameworks/SystemConfiguration.framework; sourceTree = SDKROOT; };
		BD6BF5971A0330C00009BC33 /* libz.dylib */ = {isa = PBXFileReference; lastKnownFileType = "compiled.mach-o.dylib"; name = libz.dylib; path = usr/lib/libz.dylib; sourceTree = SDKROOT; };
		BD6BF5991A0332810009BC33 /* FaalViewController.h */ = {isa = PBXFileReference; fileEncoding = 4; lastKnownFileType = sourcecode.c.h; path = FaalViewController.h; sourceTree = "<group>"; };
		BD6BF59A1A0332810009BC33 /* FaalViewController.m */ = {isa = PBXFileReference; fileEncoding = 4; lastKnownFileType = sourcecode.c.objc; path = FaalViewController.m; sourceTree = "<group>"; };
		BD6BF59C1A0337CA0009BC33 /* libGoogleAnalyticsServices.a */ = {isa = PBXFileReference; lastKnownFileType = archive.ar; name = libGoogleAnalyticsServices.a; path = GoogleAnalyticsServicesiOS_3.09/libGoogleAnalyticsServices.a; sourceTree = "<group>"; };
		BD914231164789B200F5F106 /* Icon.png */ = {isa = PBXFileReference; lastKnownFileType = image.png; name = Icon.png; path = AskHafezNative4/Icon.png; sourceTree = "<group>"; };
		BD91931B166281F3009E472D /* HafezSearchViewController.h */ = {isa = PBXFileReference; fileEncoding = 4; lastKnownFileType = sourcecode.c.h; path = HafezSearchViewController.h; sourceTree = "<group>"; };
		BD91931C166281F3009E472D /* HafezSearchViewController.m */ = {isa = PBXFileReference; fileEncoding = 4; lastKnownFileType = sourcecode.c.objc; path = HafezSearchViewController.m; sourceTree = "<group>"; };
		BDD3EDD618A9CD7300BABAE7 /* iRate.bundle */ = {isa = PBXFileReference; lastKnownFileType = "wrapper.plug-in"; name = iRate.bundle; path = Library/iRate.bundle; sourceTree = "<group>"; };
		BDD3EDD718A9CD7300BABAE7 /* iRate.h */ = {isa = PBXFileReference; fileEncoding = 4; lastKnownFileType = sourcecode.c.h; name = iRate.h; path = Library/iRate.h; sourceTree = "<group>"; };
		BDD3EDD818A9CD7300BABAE7 /* iRate.m */ = {isa = PBXFileReference; fileEncoding = 4; lastKnownFileType = sourcecode.c.objc; name = iRate.m; path = Library/iRate.m; sourceTree = "<group>"; };
		BDD3EDDB18A9D08600BABAE7 /* GhazalCell.h */ = {isa = PBXFileReference; fileEncoding = 4; lastKnownFileType = sourcecode.c.h; path = GhazalCell.h; sourceTree = "<group>"; };
		BDD3EDDC18A9D08600BABAE7 /* GhazalCell.m */ = {isa = PBXFileReference; fileEncoding = 4; lastKnownFileType = sourcecode.c.objc; path = GhazalCell.m; sourceTree = "<group>"; };
		BDD3EDDE18A9E6AA00BABAE7 /* fbshare.jpg */ = {isa = PBXFileReference; lastKnownFileType = image.jpeg; name = fbshare.jpg; path = AskHafezNative4/images/fbshare.jpg; sourceTree = "<group>"; };
		BDEE35981D3C21E700F35178 /* HafezAPI.h */ = {isa = PBXFileReference; fileEncoding = 4; lastKnownFileType = sourcecode.c.h; path = HafezAPI.h; sourceTree = "<group>"; };
		BDEE35991D3C21E700F35178 /* HafezAPI.m */ = {isa = PBXFileReference; fileEncoding = 4; lastKnownFileType = sourcecode.c.objc; path = HafezAPI.m; sourceTree = "<group>"; };
		BDF5DBF516477AAE00A731A1 /* AskHafezNative4.app */ = {isa = PBXFileReference; explicitFileType = wrapper.application; includeInIndex = 0; path = AskHafezNative4.app; sourceTree = BUILT_PRODUCTS_DIR; };
		BDF5DBF916477AAE00A731A1 /* UIKit.framework */ = {isa = PBXFileReference; lastKnownFileType = wrapper.framework; name = UIKit.framework; path = System/Library/Frameworks/UIKit.framework; sourceTree = SDKROOT; };
		BDF5DBFB16477AAE00A731A1 /* Foundation.framework */ = {isa = PBXFileReference; lastKnownFileType = wrapper.framework; name = Foundation.framework; path = System/Library/Frameworks/Foundation.framework; sourceTree = SDKROOT; };
		BDF5DBFD16477AAE00A731A1 /* CoreGraphics.framework */ = {isa = PBXFileReference; lastKnownFileType = wrapper.framework; name = CoreGraphics.framework; path = System/Library/Frameworks/CoreGraphics.framework; sourceTree = SDKROOT; };
		BDF5DC0116477AAE00A731A1 /* AskHafezNative4-Info.plist */ = {isa = PBXFileReference; lastKnownFileType = text.plist.xml; path = "AskHafezNative4-Info.plist"; sourceTree = "<group>"; };
		BDF5DC0316477AAE00A731A1 /* en */ = {isa = PBXFileReference; lastKnownFileType = text.plist.strings; name = en; path = en.lproj/InfoPlist.strings; sourceTree = "<group>"; };
		BDF5DC0516477AAE00A731A1 /* main.m */ = {isa = PBXFileReference; lastKnownFileType = sourcecode.c.objc; path = main.m; sourceTree = "<group>"; };
		BDF5DC0716477AAE00A731A1 /* AskHafezNative4-Prefix.pch */ = {isa = PBXFileReference; lastKnownFileType = sourcecode.c.h; path = "AskHafezNative4-Prefix.pch"; sourceTree = "<group>"; };
		BDF5DC0816477AAE00A731A1 /* HafezAppDelegate.h */ = {isa = PBXFileReference; lastKnownFileType = sourcecode.c.h; path = HafezAppDelegate.h; sourceTree = "<group>"; };
		BDF5DC0916477AAE00A731A1 /* HafezAppDelegate.m */ = {isa = PBXFileReference; lastKnownFileType = sourcecode.c.objc; path = HafezAppDelegate.m; sourceTree = "<group>"; };
		BDF5DC0B16477AAE00A731A1 /* GhazalsViewController.h */ = {isa = PBXFileReference; lastKnownFileType = sourcecode.c.h; path = GhazalsViewController.h; sourceTree = "<group>"; };
		BDF5DC0C16477AAE00A731A1 /* GhazalsViewController.m */ = {isa = PBXFileReference; lastKnownFileType = sourcecode.c.objc; path = GhazalsViewController.m; sourceTree = "<group>"; };
		BDF5DC0E16477AAE00A731A1 /* first.png */ = {isa = PBXFileReference; lastKnownFileType = image.png; name = first.png; path = AskHafezNative4/first.png; sourceTree = "<group>"; };
		BDF5DC1016477AAE00A731A1 /* first@2x.png */ = {isa = PBXFileReference; lastKnownFileType = image.png; name = "first@2x.png"; path = "AskHafezNative4/first@2x.png"; sourceTree = "<group>"; };
		BDF5DC1216477AAE00A731A1 /* FaalPhoneViewController.h */ = {isa = PBXFileReference; lastKnownFileType = sourcecode.c.h; path = FaalPhoneViewController.h; sourceTree = "<group>"; };
		BDF5DC1316477AAE00A731A1 /* FaalPhoneViewController.m */ = {isa = PBXFileReference; lastKnownFileType = sourcecode.c.objc; path = FaalPhoneViewController.m; sourceTree = "<group>"; };
		BDF5DC1516477AAE00A731A1 /* second.png */ = {isa = PBXFileReference; lastKnownFileType = image.png; name = second.png; path = AskHafezNative4/second.png; sourceTree = "<group>"; };
		BDF5DC1716477AAE00A731A1 /* second@2x.png */ = {isa = PBXFileReference; lastKnownFileType = image.png; name = "second@2x.png"; path = "AskHafezNative4/second@2x.png"; sourceTree = "<group>"; };
		BDF5DC1A16477AAE00A731A1 /* en */ = {isa = PBXFileReference; lastKnownFileType = file.xib; name = en; path = en.lproj/GhazalsViewController.xib; sourceTree = "<group>"; };
		BDF5DC1D16477AAF00A731A1 /* en */ = {isa = PBXFileReference; lastKnownFileType = file.xib; name = en; path = en.lproj/FaalPhoneViewController.xib; sourceTree = "<group>"; };
		BDF5DC2D16477AB000A731A1 /* AskHafezNative4Tests-Info.plist */ = {isa = PBXFileReference; lastKnownFileType = text.plist.xml; path = "AskHafezNative4Tests-Info.plist"; sourceTree = "<group>"; };
		BDF5DC2F16477AB000A731A1 /* en */ = {isa = PBXFileReference; lastKnownFileType = text.plist.strings; name = en; path = en.lproj/InfoPlist.strings; sourceTree = "<group>"; };
		BDF5DC3116477AB000A731A1 /* AskHafezNative4Tests.h */ = {isa = PBXFileReference; lastKnownFileType = sourcecode.c.h; path = AskHafezNative4Tests.h; sourceTree = "<group>"; };
		BDF5DC3216477AB100A731A1 /* AskHafezNative4Tests.m */ = {isa = PBXFileReference; lastKnownFileType = sourcecode.c.objc; path = AskHafezNative4Tests.m; sourceTree = "<group>"; };
		BDF5DC3D16477BE800A731A1 /* button.png */ = {isa = PBXFileReference; lastKnownFileType = image.png; name = button.png; path = AskHafezNative4/images/button.png; sourceTree = "<group>"; };
		BDF5DC4016477BE800A731A1 /* dice.png */ = {isa = PBXFileReference; lastKnownFileType = image.png; name = dice.png; path = AskHafezNative4/images/dice.png; sourceTree = "<group>"; };
		BDF5DC4116477BE800A731A1 /* ghazal_pic_portrait.png */ = {isa = PBXFileReference; lastKnownFileType = image.png; name = ghazal_pic_portrait.png; path = AskHafezNative4/images/ghazal_pic_portrait.png; sourceTree = "<group>"; };
		BDF5DC4216477BE800A731A1 /* ghazal.png */ = {isa = PBXFileReference; lastKnownFileType = image.png; name = ghazal.png; path = AskHafezNative4/images/ghazal.png; sourceTree = "<group>"; };
		BDF5DC4316477BE800A731A1 /* search.png */ = {isa = PBXFileReference; lastKnownFileType = image.png; name = search.png; path = AskHafezNative4/images/search.png; sourceTree = "<group>"; };
		BDF5DC4C16477BFB00A731A1 /* ghazals.sqlite */ = {isa = PBXFileReference; lastKnownFileType = file; name = ghazals.sqlite; path = AskHafezNative4/db/ghazals.sqlite; sourceTree = "<group>"; };
		BDF5DC5116477D2700A731A1 /* SearchViewController.h */ = {isa = PBXFileReference; fileEncoding = 4; lastKnownFileType = sourcecode.c.h; path = SearchViewController.h; sourceTree = "<group>"; };
		BDF5DC5216477D2700A731A1 /* SearchViewController.m */ = {isa = PBXFileReference; fileEncoding = 4; lastKnownFileType = sourcecode.c.objc; path = SearchViewController.m; sourceTree = "<group>"; };
		BDF5DC5316477D2700A731A1 /* SearchViewController.xib */ = {isa = PBXFileReference; fileEncoding = 4; lastKnownFileType = file.xib; path = SearchViewController.xib; sourceTree = "<group>"; };
		BDF5DC5616477F2E00A731A1 /* CommonUtils.h */ = {isa = PBXFileReference; fileEncoding = 4; lastKnownFileType = sourcecode.c.h; path = CommonUtils.h; sourceTree = "<group>"; };
		BDF5DC5716477F2E00A731A1 /* CommonUtils.m */ = {isa = PBXFileReference; fileEncoding = 4; lastKnownFileType = sourcecode.c.objc; path = CommonUtils.m; sourceTree = "<group>"; };
		BDF9B50F1AA15A9D00CEA7F5 /* Pods */ = {isa = PBXFileReference; lastKnownFileType = folder; path = Pods; sourceTree = "<group>"; };
/* End PBXFileReference section */

/* Begin PBXFrameworksBuildPhase section */
		BD0E8AC61657526900E3344E /* Frameworks */ = {
			isa = PBXFrameworksBuildPhase;
			buildActionMask = 2147483647;
			files = (
				BD9CD4731B61EBEF004B2B30 /* CoreData.framework in Frameworks */,
				BD9CD4721B61EBE1004B2B30 /* SystemConfiguration.framework in Frameworks */,
				BDE608071662BD9A00E082A3 /* CFNetwork.framework in Frameworks */,
				BD9CD4711B61EBBE004B2B30 /* libz.dylib in Frameworks */,
				BD0E8B0016575A8D00E3344E /* libsqlite3.0.dylib in Frameworks */,
				BD0E8ACB1657526900E3344E /* UIKit.framework in Frameworks */,
				BD0E8ACC1657526900E3344E /* Foundation.framework in Frameworks */,
				BD0E8ACD1657526900E3344E /* CoreGraphics.framework in Frameworks */,
				BD9CD4701B61EB98004B2B30 /* libGoogleAnalyticsServices.a in Frameworks */,
			);
			runOnlyForDeploymentPostprocessing = 0;
		};
		BD0E8AE71657526A00E3344E /* Frameworks */ = {
			isa = PBXFrameworksBuildPhase;
			buildActionMask = 2147483647;
			files = (
				BD0E8AED1657526A00E3344E /* UIKit.framework in Frameworks */,
				BD0E8AEE1657526A00E3344E /* Foundation.framework in Frameworks */,
			);
			runOnlyForDeploymentPostprocessing = 0;
		};
		BDF5DBF216477AAE00A731A1 /* Frameworks */ = {
			isa = PBXFrameworksBuildPhase;
			buildActionMask = 2147483647;
			files = (
				BD6BF59D1A0337CA0009BC33 /* libGoogleAnalyticsServices.a in Frameworks */,
				BD6BF5981A0330C00009BC33 /* libz.dylib in Frameworks */,
				BD6BF5961A0330B60009BC33 /* SystemConfiguration.framework in Frameworks */,
				BD6BF5941A0330AC0009BC33 /* CoreData.framework in Frameworks */,
				BD1820371D450E7B004D7C4E /* FBAudienceNetwork.framework in Frameworks */,
				BD2D7C4E18A73D76007B627A /* Social.framework in Frameworks */,
				BD2D7C4518A6B2F0007B627A /* QuartzCore.framework in Frameworks */,
				BD56BDD31656038A006D31D7 /* libsqlite3.0.dylib in Frameworks */,
				BD54AAF716487CA000E55C9C /* CFNetwork.framework in Frameworks */,
				BDF5DBFA16477AAE00A731A1 /* UIKit.framework in Frameworks */,
				BDF5DBFC16477AAE00A731A1 /* Foundation.framework in Frameworks */,
				BDF5DBFE16477AAE00A731A1 /* CoreGraphics.framework in Frameworks */,
				9D1F69004C5304C64CF6A7BD /* libPods.a in Frameworks */,
			);
			runOnlyForDeploymentPostprocessing = 0;
		};
/* End PBXFrameworksBuildPhase section */

/* Begin PBXGroup section */
		4AF0451F306AC15A787A503A /* Pods */ = {
			isa = PBXGroup;
			children = (
				2A0336AC34EB2812E9926167 /* Pods.debug.xcconfig */,
				668EF0960EA400E49BD80DDB /* Pods.release.xcconfig */,
			);
			name = Pods;
			sourceTree = "<group>";
		};
		BD0E8ACE1657526900E3344E /* Ask Hafez iPad */ = {
			isa = PBXGroup;
			children = (
				BD91931B166281F3009E472D /* HafezSearchViewController.h */,
				BD2D7C3518A6A1BA007B627A /* MainStoryboard.storyboard */,
				BD91931C166281F3009E472D /* HafezSearchViewController.m */,
				BD14626C16589434005BD350 /* FaalViewController.h */,
				BD14626D16589434005BD350 /* FaalViewController.m */,
				BD0E8AD71657526900E3344E /* HafezAppDelegate.h */,
				BD0E8AD81657526900E3344E /* HafezAppDelegate.m */,
				BD0E8ADA1657526900E3344E /* HafezRootViewController.h */,
				BD0E8ADB1657526900E3344E /* HafezRootViewController.m */,
				BD0E8ADD1657526900E3344E /* HafezDataViewController.h */,
				BD0E8ADE1657526900E3344E /* HafezDataViewController.m */,
				BD0E8AE01657526900E3344E /* HafezModelController.h */,
				BD0E8AE11657526900E3344E /* HafezModelController.m */,
				BD0E8ACF1657526900E3344E /* Supporting Files */,
				BD0E8B0116575ADD00E3344E /* CommonUtils.h */,
				BD0E8B0216575ADD00E3344E /* CommonUtils.m */,
			);
			path = "Ask Hafez iPad";
			sourceTree = "<group>";
		};
		BD0E8ACF1657526900E3344E /* Supporting Files */ = {
			isa = PBXGroup;
			children = (
				BD0E8AD01657526900E3344E /* Ask Hafez iPad-Info.plist */,
				BD0E8AD11657526900E3344E /* InfoPlist.strings */,
				BD0E8AD41657526900E3344E /* main.m */,
				BD0E8AD61657526900E3344E /* Ask Hafez iPad-Prefix.pch */,
			);
			name = "Supporting Files";
			sourceTree = "<group>";
		};
		BD0E8AF11657526A00E3344E /* Ask Hafez iPadTests */ = {
			isa = PBXGroup;
			children = (
				BD0E8AF71657526A00E3344E /* Ask_Hafez_iPadTests.h */,
				BD0E8AF81657526A00E3344E /* Ask_Hafez_iPadTests.m */,
				BD0E8AF21657526A00E3344E /* Supporting Files */,
			);
			path = "Ask Hafez iPadTests";
			sourceTree = "<group>";
		};
		BD0E8AF21657526A00E3344E /* Supporting Files */ = {
			isa = PBXGroup;
			children = (
				BD0E8AF31657526A00E3344E /* Ask Hafez iPadTests-Info.plist */,
				BD0E8AF41657526A00E3344E /* InfoPlist.strings */,
			);
			name = "Supporting Files";
			sourceTree = "<group>";
		};
		BD2D7C3C18A6A457007B627A /* UI */ = {
			isa = PBXGroup;
			children = (
				BDF5DC1C16477AAF00A731A1 /* FaalPhoneViewController.xib */,
				BDF5DC1916477AAE00A731A1 /* GhazalsViewController.xib */,
				BDF5DC5316477D2700A731A1 /* SearchViewController.xib */,
			);
			name = UI;
			sourceTree = "<group>";
		};
		BD2D7C3D18A6A466007B627A /* Common */ = {
			isa = PBXGroup;
			children = (
				BDF5DC5616477F2E00A731A1 /* CommonUtils.h */,
				BDF5DC5716477F2E00A731A1 /* CommonUtils.m */,
				BDF5DC0816477AAE00A731A1 /* HafezAppDelegate.h */,
				BDF5DC0916477AAE00A731A1 /* HafezAppDelegate.m */,
				BDEE35981D3C21E700F35178 /* HafezAPI.h */,
				BDEE35991D3C21E700F35178 /* HafezAPI.m */,
			);
			name = Common;
			sourceTree = "<group>";
		};
		BDD3EDD518A9CD6500BABAE7 /* Library */ = {
			isa = PBXGroup;
			children = (
				BD2D7C4118A6ADE1007B627A /* iCarousel.h */,
				BD2D7C4218A6ADE1007B627A /* iCarousel.m */,
				BDD3EDD618A9CD7300BABAE7 /* iRate.bundle */,
				BDD3EDD718A9CD7300BABAE7 /* iRate.h */,
				BDD3EDD818A9CD7300BABAE7 /* iRate.m */,
			);
			name = Library;
			sourceTree = "<group>";
		};
		BDF5DBEA16477AAE00A731A1 = {
			isa = PBXGroup;
			children = (
				BDF5DC4B16477BED00A731A1 /* db */,
				BDF5DC3C16477BDD00A731A1 /* images */,
				BDF5DBFF16477AAE00A731A1 /* AskHafezNative4 */,
				BDF5DC2B16477AAF00A731A1 /* AskHafezNative4Tests */,
				BD0E8ACE1657526900E3344E /* Ask Hafez iPad */,
				BD0E8AF11657526A00E3344E /* Ask Hafez iPadTests */,
				BDF5DBF816477AAE00A731A1 /* Frameworks */,
				BDF5DBF616477AAE00A731A1 /* Products */,
				4AF0451F306AC15A787A503A /* Pods */,
			);
			sourceTree = "<group>";
		};
		BDF5DBF616477AAE00A731A1 /* Products */ = {
			isa = PBXGroup;
			children = (
				BDF5DBF516477AAE00A731A1 /* AskHafezNative4.app */,
				BD0E8AC91657526900E3344E /* Ask Hafez iPad.app */,
				BD0E8AEB1657526A00E3344E /* Ask Hafez iPadTests.xctest */,
			);
			name = Products;
			sourceTree = "<group>";
		};
		BDF5DBF816477AAE00A731A1 /* Frameworks */ = {
			isa = PBXGroup;
			children = (
				BD1820361D450E7B004D7C4E /* FBAudienceNetwork.framework */,
				BDF9B50F1AA15A9D00CEA7F5 /* Pods */,
				BD6BF59C1A0337CA0009BC33 /* libGoogleAnalyticsServices.a */,
				BD6BF5971A0330C00009BC33 /* libz.dylib */,
				BD6BF5951A0330B60009BC33 /* SystemConfiguration.framework */,
				BD6BF5931A0330AC0009BC33 /* CoreData.framework */,
				BD2D7C4D18A73D76007B627A /* Social.framework */,
				BD2D7C4418A6B2F0007B627A /* QuartzCore.framework */,
				BD56BDD21656038A006D31D7 /* libsqlite3.0.dylib */,
				BD54AAF616487CA000E55C9C /* CFNetwork.framework */,
				BDF5DBF916477AAE00A731A1 /* UIKit.framework */,
				BDF5DBFB16477AAE00A731A1 /* Foundation.framework */,
				BDF5DBFD16477AAE00A731A1 /* CoreGraphics.framework */,
				3E25AEB38DE1CECD7610B13F /* libPods.a */,
			);
			name = Frameworks;
			sourceTree = "<group>";
		};
		BDF5DBFF16477AAE00A731A1 /* AskHafezNative4 */ = {
			isa = PBXGroup;
			children = (
				BDD3EDD518A9CD6500BABAE7 /* Library */,
				BD2D7C3D18A6A466007B627A /* Common */,
				BD2D7C3C18A6A457007B627A /* UI */,
				BD2D7C4A18A7160F007B627A /* GhazalViewController.h */,
				BD2D7C4B18A7160F007B627A /* GhazalViewController.m */,
				BDF5DC5116477D2700A731A1 /* SearchViewController.h */,
				BDF5DC5216477D2700A731A1 /* SearchViewController.m */,
				BDF5DC0B16477AAE00A731A1 /* GhazalsViewController.h */,
				BDF5DC0C16477AAE00A731A1 /* GhazalsViewController.m */,
				BDF5DC1216477AAE00A731A1 /* FaalPhoneViewController.h */,
				BDF5DC1316477AAE00A731A1 /* FaalPhoneViewController.m */,
				BDF5DC0016477AAE00A731A1 /* Supporting Files */,
				BD2D7C3818A6A1DC007B627A /* iPhoneMainStoryboard.storyboard */,
				BDD3EDDB18A9D08600BABAE7 /* GhazalCell.h */,
				BDD3EDDC18A9D08600BABAE7 /* GhazalCell.m */,
				BD2D7C3A18A6A2BA007B627A /* Images.xcassets */,
				BD6BF5991A0332810009BC33 /* FaalViewController.h */,
				BD6BF59A1A0332810009BC33 /* FaalViewController.m */,
			);
			path = AskHafezNative4;
			sourceTree = "<group>";
		};
		BDF5DC0016477AAE00A731A1 /* Supporting Files */ = {
			isa = PBXGroup;
			children = (
				BDF5DC0116477AAE00A731A1 /* AskHafezNative4-Info.plist */,
				BDF5DC0216477AAE00A731A1 /* InfoPlist.strings */,
				BDF5DC0516477AAE00A731A1 /* main.m */,
				BDF5DC0716477AAE00A731A1 /* AskHafezNative4-Prefix.pch */,
			);
			name = "Supporting Files";
			sourceTree = "<group>";
		};
		BDF5DC2B16477AAF00A731A1 /* AskHafezNative4Tests */ = {
			isa = PBXGroup;
			children = (
				BDF5DC3116477AB000A731A1 /* AskHafezNative4Tests.h */,
				BDF5DC3216477AB100A731A1 /* AskHafezNative4Tests.m */,
				BDF5DC2C16477AB000A731A1 /* Supporting Files */,
			);
			path = AskHafezNative4Tests;
			sourceTree = "<group>";
		};
		BDF5DC2C16477AB000A731A1 /* Supporting Files */ = {
			isa = PBXGroup;
			children = (
				BDF5DC2D16477AB000A731A1 /* AskHafezNative4Tests-Info.plist */,
				BDF5DC2E16477AB000A731A1 /* InfoPlist.strings */,
			);
			name = "Supporting Files";
			sourceTree = "<group>";
		};
		BDF5DC3C16477BDD00A731A1 /* images */ = {
			isa = PBXGroup;
			children = (
				BD2D7C4818A6FAAD007B627A /* facebookBtn.png */,
				BD2D7C4618A6F983007B627A /* backBtn.png */,
				BDD3EDDE18A9E6AA00BABAE7 /* fbshare.jpg */,
				BD146268165855D9005BD350 /* sign_post2.gif */,
				BD2D7C3F18A6ACF5007B627A /* mainPageBg.png */,
				BD146264165853CF005BD350 /* search_b.png */,
				BD914231164789B200F5F106 /* Icon.png */,
				BDF5DC0E16477AAE00A731A1 /* first.png */,
				BDF5DC1016477AAE00A731A1 /* first@2x.png */,
				BDF5DC1516477AAE00A731A1 /* second.png */,
				BDF5DC1716477AAE00A731A1 /* second@2x.png */,
				BDF5DC3D16477BE800A731A1 /* button.png */,
				BDF5DC4016477BE800A731A1 /* dice.png */,
				BDF5DC4116477BE800A731A1 /* ghazal_pic_portrait.png */,
				BDF5DC4216477BE800A731A1 /* ghazal.png */,
				BDF5DC4316477BE800A731A1 /* search.png */,
			);
			name = images;
			sourceTree = "<group>";
		};
		BDF5DC4B16477BED00A731A1 /* db */ = {
			isa = PBXGroup;
			children = (
				BDF5DC4C16477BFB00A731A1 /* ghazals.sqlite */,
			);
			name = db;
			sourceTree = "<group>";
		};
/* End PBXGroup section */

/* Begin PBXNativeTarget section */
		BD0E8AC81657526900E3344E /* Ask Hafez iPad */ = {
			isa = PBXNativeTarget;
			buildConfigurationList = BD0E8AFA1657526A00E3344E /* Build configuration list for PBXNativeTarget "Ask Hafez iPad" */;
			buildPhases = (
				BD0E8AC51657526900E3344E /* Sources */,
				BD0E8AC61657526900E3344E /* Frameworks */,
				BD0E8AC71657526900E3344E /* Resources */,
			);
			buildRules = (
			);
			dependencies = (
			);
			name = "Ask Hafez iPad";
			productName = "Ask Hafez iPad";
			productReference = BD0E8AC91657526900E3344E /* Ask Hafez iPad.app */;
			productType = "com.apple.product-type.application";
		};
		BD0E8AEA1657526A00E3344E /* Ask Hafez iPadTests */ = {
			isa = PBXNativeTarget;
			buildConfigurationList = BD0E8AFD1657526A00E3344E /* Build configuration list for PBXNativeTarget "Ask Hafez iPadTests" */;
			buildPhases = (
				BD0E8AE61657526A00E3344E /* Sources */,
				BD0E8AE71657526A00E3344E /* Frameworks */,
				BD0E8AE81657526A00E3344E /* Resources */,
				BD0E8AE91657526A00E3344E /* ShellScript */,
			);
			buildRules = (
			);
			dependencies = (
				BD0E8AF01657526A00E3344E /* PBXTargetDependency */,
			);
			name = "Ask Hafez iPadTests";
			productName = "Ask Hafez iPadTests";
			productReference = BD0E8AEB1657526A00E3344E /* Ask Hafez iPadTests.xctest */;
			productType = "com.apple.product-type.bundle.unit-test";
		};
		BDF5DBF416477AAE00A731A1 /* AskHafezNative4 */ = {
			isa = PBXNativeTarget;
			buildConfigurationList = BDF5DC3616477AB100A731A1 /* Build configuration list for PBXNativeTarget "AskHafezNative4" */;
			buildPhases = (
				7173D2543D76521F38DF31F5 /* Check Pods Manifest.lock */,
				BDF5DBF116477AAE00A731A1 /* Sources */,
				BDF5DBF216477AAE00A731A1 /* Frameworks */,
				BDF5DBF316477AAE00A731A1 /* Resources */,
				359281FF38B46D9E6FD05007 /* Copy Pods Resources */,
				2BD5CD00D50EA4C73C9BA351 /* Embed Pods Frameworks */,
			);
			buildRules = (
			);
			dependencies = (
			);
			name = AskHafezNative4;
			productName = AskHafezNative4;
			productReference = BDF5DBF516477AAE00A731A1 /* AskHafezNative4.app */;
			productType = "com.apple.product-type.application";
		};
/* End PBXNativeTarget section */

/* Begin PBXProject section */
		BDF5DBEC16477AAE00A731A1 /* Project object */ = {
			isa = PBXProject;
			attributes = {
				LastTestingUpgradeCheck = 0710;
				LastUpgradeCheck = 0420;
				TargetAttributes = {
					BD0E8AC81657526900E3344E = {
						DevelopmentTeam = 4JE8Q22V45;
					};
					BDF5DBF416477AAE00A731A1 = {
						DevelopmentTeam = JKQKJJ22L7;
						SystemCapabilities = {
							com.apple.BackgroundModes = {
								enabled = 1;
							};
						};
					};
				};
			};
			buildConfigurationList = BDF5DBEF16477AAE00A731A1 /* Build configuration list for PBXProject "AskHafezNative4" */;
			compatibilityVersion = "Xcode 3.2";
			developmentRegion = English;
			hasScannedForEncodings = 0;
			knownRegions = (
				en,
			);
			mainGroup = BDF5DBEA16477AAE00A731A1;
			productRefGroup = BDF5DBF616477AAE00A731A1 /* Products */;
			projectDirPath = "";
			projectRoot = "";
			targets = (
				BDF5DBF416477AAE00A731A1 /* AskHafezNative4 */,
				BD0E8AC81657526900E3344E /* Ask Hafez iPad */,
				BD0E8AEA1657526A00E3344E /* Ask Hafez iPadTests */,
			);
		};
/* End PBXProject section */

/* Begin PBXResourcesBuildPhase section */
		BD0E8AC71657526900E3344E /* Resources */ = {
			isa = PBXResourcesBuildPhase;
			buildActionMask = 2147483647;
			files = (
				BD0E8AD31657526900E3344E /* InfoPlist.strings in Resources */,
				BD9CD48D1B61F9E7004B2B30 /* Images.xcassets in Resources */,
				BD0E8B0416575D5400E3344E /* ghazals.sqlite in Resources */,
				BD146258165760DA005BD350 /* ghazal_pic_portrait.png in Resources */,
				BD146266165853CF005BD350 /* search_b.png in Resources */,
				BD14626A165855D9005BD350 /* sign_post2.gif in Resources */,
				BD14626B165893DF005BD350 /* button.png in Resources */,
				BD2D7C3718A6A1BA007B627A /* MainStoryboard.storyboard in Resources */,
			);
			runOnlyForDeploymentPostprocessing = 0;
		};
		BD0E8AE81657526A00E3344E /* Resources */ = {
			isa = PBXResourcesBuildPhase;
			buildActionMask = 2147483647;
			files = (
				BD0E8AF61657526A00E3344E /* InfoPlist.strings in Resources */,
			);
			runOnlyForDeploymentPostprocessing = 0;
		};
		BDF5DBF316477AAE00A731A1 /* Resources */ = {
			isa = PBXResourcesBuildPhase;
			buildActionMask = 2147483647;
			files = (
				BD2D7C4918A6FAAD007B627A /* facebookBtn.png in Resources */,
				BD8050981D32ECB4006C7730 /* Images.xcassets in Resources */,
				BDF5DC0416477AAE00A731A1 /* InfoPlist.strings in Resources */,
				BDF5DC0F16477AAE00A731A1 /* first.png in Resources */,
				BDF5DC1116477AAE00A731A1 /* first@2x.png in Resources */,
				BD2D7C3918A6A1DC007B627A /* iPhoneMainStoryboard.storyboard in Resources */,
				BDF5DC1616477AAE00A731A1 /* second.png in Resources */,
				BD96EFC31BE2F93A00BE13DE /* MainStoryboard.storyboard in Resources */,
				BDF5DC1816477AAE00A731A1 /* second@2x.png in Resources */,
				BD2D7C4018A6ACF5007B627A /* mainPageBg.png in Resources */,
				BDF5DC1B16477AAE00A731A1 /* GhazalsViewController.xib in Resources */,
				BDD3EDDF18A9E6AA00BABAE7 /* fbshare.jpg in Resources */,
				BDF5DC1E16477AAF00A731A1 /* FaalPhoneViewController.xib in Resources */,
				BDF5DC4416477BE800A731A1 /* button.png in Resources */,
				BD2D7C4718A6F983007B627A /* backBtn.png in Resources */,
				BDF5DC4716477BE800A731A1 /* dice.png in Resources */,
				BDF5DC4816477BE800A731A1 /* ghazal_pic_portrait.png in Resources */,
				BDD3EDD918A9CD7300BABAE7 /* iRate.bundle in Resources */,
				BDF5DC4916477BE800A731A1 /* ghazal.png in Resources */,
				BDF5DC4A16477BE800A731A1 /* search.png in Resources */,
				BDF5DC4D16477BFB00A731A1 /* ghazals.sqlite in Resources */,
				BDF5DC5516477D2700A731A1 /* SearchViewController.xib in Resources */,
				BD914232164789B200F5F106 /* Icon.png in Resources */,
			);
			runOnlyForDeploymentPostprocessing = 0;
		};
/* End PBXResourcesBuildPhase section */

/* Begin PBXShellScriptBuildPhase section */
		2BD5CD00D50EA4C73C9BA351 /* Embed Pods Frameworks */ = {
			isa = PBXShellScriptBuildPhase;
			buildActionMask = 2147483647;
			files = (
			);
			inputPaths = (
			);
			name = "Embed Pods Frameworks";
			outputPaths = (
			);
			runOnlyForDeploymentPostprocessing = 0;
			shellPath = /bin/sh;
			shellScript = "\"${SRCROOT}/Pods/Target Support Files/Pods/Pods-frameworks.sh\"\n";
			showEnvVarsInLog = 0;
		};
		359281FF38B46D9E6FD05007 /* Copy Pods Resources */ = {
			isa = PBXShellScriptBuildPhase;
			buildActionMask = 2147483647;
			files = (
			);
			inputPaths = (
			);
			name = "Copy Pods Resources";
			outputPaths = (
			);
			runOnlyForDeploymentPostprocessing = 0;
			shellPath = /bin/sh;
			shellScript = "\"${SRCROOT}/Pods/Target Support Files/Pods/Pods-resources.sh\"\n";
			showEnvVarsInLog = 0;
		};
		7173D2543D76521F38DF31F5 /* Check Pods Manifest.lock */ = {
			isa = PBXShellScriptBuildPhase;
			buildActionMask = 2147483647;
			files = (
			);
			inputPaths = (
			);
			name = "Check Pods Manifest.lock";
			outputPaths = (
			);
			runOnlyForDeploymentPostprocessing = 0;
			shellPath = /bin/sh;
			shellScript = "diff \"${PODS_ROOT}/../Podfile.lock\" \"${PODS_ROOT}/Manifest.lock\" > /dev/null\nif [[ $? != 0 ]] ; then\n    cat << EOM\nerror: The sandbox is not in sync with the Podfile.lock. Run 'pod install' or update your CocoaPods installation.\nEOM\n    exit 1\nfi\n";
			showEnvVarsInLog = 0;
		};
		BD0E8AE91657526A00E3344E /* ShellScript */ = {
			isa = PBXShellScriptBuildPhase;
			buildActionMask = 2147483647;
			files = (
			);
			inputPaths = (
			);
			outputPaths = (
			);
			runOnlyForDeploymentPostprocessing = 0;
			shellPath = /bin/sh;
			shellScript = "# Run the unit tests in this test bundle.\n\"${SYSTEM_DEVELOPER_DIR}/Tools/RunUnitTests\"\n";
		};
/* End PBXShellScriptBuildPhase section */

/* Begin PBXSourcesBuildPhase section */
		BD0E8AC51657526900E3344E /* Sources */ = {
			isa = PBXSourcesBuildPhase;
			buildActionMask = 2147483647;
			files = (
				BD0E8AD51657526900E3344E /* main.m in Sources */,
				BD0E8AD91657526900E3344E /* HafezAppDelegate.m in Sources */,
				BD0E8ADC1657526900E3344E /* HafezRootViewController.m in Sources */,
				BD0E8ADF1657526900E3344E /* HafezDataViewController.m in Sources */,
				BD0E8AE21657526900E3344E /* HafezModelController.m in Sources */,
				BDEE359B1D3C21F000F35178 /* HafezAPI.m in Sources */,
				BD14626F16589434005BD350 /* FaalViewController.m in Sources */,
				BDE608051662B36700E082A3 /* HafezSearchViewController.m in Sources */,
			);
			runOnlyForDeploymentPostprocessing = 0;
		};
		BD0E8AE61657526A00E3344E /* Sources */ = {
			isa = PBXSourcesBuildPhase;
			buildActionMask = 2147483647;
			files = (
				BD0E8AF91657526A00E3344E /* Ask_Hafez_iPadTests.m in Sources */,
			);
			runOnlyForDeploymentPostprocessing = 0;
		};
		BDF5DBF116477AAE00A731A1 /* Sources */ = {
			isa = PBXSourcesBuildPhase;
			buildActionMask = 2147483647;
			files = (
				BDF5DC0616477AAE00A731A1 /* main.m in Sources */,
				BDD3EDDD18A9D08600BABAE7 /* GhazalCell.m in Sources */,
				BD96EFC41BE2FA6B00BE13DE /* HafezSearchViewController.m in Sources */,
				BDD3EDDA18A9CD7300BABAE7 /* iRate.m in Sources */,
				BD96EFC91BE2FA6B00BE13DE /* HafezModelController.m in Sources */,
				BD96EFC81BE2FA6B00BE13DE /* HafezDataViewController.m in Sources */,
				BDF5DC0A16477AAE00A731A1 /* HafezAppDelegate.m in Sources */,
				BDF5DC0D16477AAE00A731A1 /* GhazalsViewController.m in Sources */,
				BDF5DC1416477AAE00A731A1 /* FaalPhoneViewController.m in Sources */,
				BD96EFC71BE2FA6B00BE13DE /* HafezRootViewController.m in Sources */,
				BDF5DC5416477D2700A731A1 /* SearchViewController.m in Sources */,
				BD2D7C4318A6ADE1007B627A /* iCarousel.m in Sources */,
				BDF5DC5816477F2E00A731A1 /* CommonUtils.m in Sources */,
				BDEE359A1D3C21E700F35178 /* HafezAPI.m in Sources */,
				BD96EFC51BE2FA6B00BE13DE /* FaalViewController.m in Sources */,
				BD2D7C4C18A7160F007B627A /* GhazalViewController.m in Sources */,
			);
			runOnlyForDeploymentPostprocessing = 0;
		};
/* End PBXSourcesBuildPhase section */

/* Begin PBXTargetDependency section */
		BD0E8AF01657526A00E3344E /* PBXTargetDependency */ = {
			isa = PBXTargetDependency;
			target = BD0E8AC81657526900E3344E /* Ask Hafez iPad */;
			targetProxy = BD0E8AEF1657526A00E3344E /* PBXContainerItemProxy */;
		};
/* End PBXTargetDependency section */

/* Begin PBXVariantGroup section */
		BD0E8AD11657526900E3344E /* InfoPlist.strings */ = {
			isa = PBXVariantGroup;
			children = (
				BD0E8AD21657526900E3344E /* en */,
			);
			name = InfoPlist.strings;
			sourceTree = "<group>";
		};
		BD0E8AF41657526A00E3344E /* InfoPlist.strings */ = {
			isa = PBXVariantGroup;
			children = (
				BD0E8AF51657526A00E3344E /* en */,
			);
			name = InfoPlist.strings;
			sourceTree = "<group>";
		};
		BD2D7C3518A6A1BA007B627A /* MainStoryboard.storyboard */ = {
			isa = PBXVariantGroup;
			children = (
				BD2D7C3618A6A1BA007B627A /* en */,
			);
			name = MainStoryboard.storyboard;
			sourceTree = "<group>";
		};
		BDF5DC0216477AAE00A731A1 /* InfoPlist.strings */ = {
			isa = PBXVariantGroup;
			children = (
				BDF5DC0316477AAE00A731A1 /* en */,
			);
			name = InfoPlist.strings;
			sourceTree = "<group>";
		};
		BDF5DC1916477AAE00A731A1 /* GhazalsViewController.xib */ = {
			isa = PBXVariantGroup;
			children = (
				BDF5DC1A16477AAE00A731A1 /* en */,
			);
			name = GhazalsViewController.xib;
			sourceTree = "<group>";
		};
		BDF5DC1C16477AAF00A731A1 /* FaalPhoneViewController.xib */ = {
			isa = PBXVariantGroup;
			children = (
				BDF5DC1D16477AAF00A731A1 /* en */,
			);
			name = FaalPhoneViewController.xib;
			sourceTree = "<group>";
		};
		BDF5DC2E16477AB000A731A1 /* InfoPlist.strings */ = {
			isa = PBXVariantGroup;
			children = (
				BDF5DC2F16477AB000A731A1 /* en */,
			);
			name = InfoPlist.strings;
			sourceTree = "<group>";
		};
/* End PBXVariantGroup section */

/* Begin XCBuildConfiguration section */
		BD0E8AFB1657526A00E3344E /* Debug */ = {
			isa = XCBuildConfiguration;
			buildSettings = {
				ARCHS = "$(ARCHS_STANDARD)";
				ASSETCATALOG_COMPILER_APPICON_NAME = iPadIcon;
				ASSETCATALOG_COMPILER_LAUNCHIMAGE_NAME = "LaunchImage-2";
				CODE_SIGN_IDENTITY = "iPhone Developer";
				"CODE_SIGN_IDENTITY[sdk=iphoneos*]" = "iPhone Distribution: Roozbeh Zabihollahi";
				GCC_PRECOMPILE_PREFIX_HEADER = YES;
				GCC_PREFIX_HEADER = "Ask Hafez iPad/Ask Hafez iPad-Prefix.pch";
				INFOPLIST_FILE = "Ask Hafez iPad/Ask Hafez iPad-Info.plist";
				IPHONEOS_DEPLOYMENT_TARGET = 7.0;
				LIBRARY_SEARCH_PATHS = (
					"$(inherited)",
					"\"$(SRCROOT)/AskHafezNative4\"",
					"$(PROJECT_DIR)/GoogleAnalyticsServicesiOS_3.09",
				);
				PRODUCT_NAME = "$(TARGET_NAME)";
				PROVISIONING_PROFILE = "42f1b66a-245b-47ce-a7ee-af8669f473b8";
				"PROVISIONING_PROFILE[sdk=iphoneos*]" = "42f1b66a-245b-47ce-a7ee-af8669f473b8";
				TARGETED_DEVICE_FAMILY = 2;
				WRAPPER_EXTENSION = app;
			};
			name = Debug;
		};
		BD0E8AFC1657526A00E3344E /* Release */ = {
			isa = XCBuildConfiguration;
			buildSettings = {
				ARCHS = "$(ARCHS_STANDARD)";
				ASSETCATALOG_COMPILER_APPICON_NAME = iPadIcon;
				ASSETCATALOG_COMPILER_LAUNCHIMAGE_NAME = "LaunchImage-2";
				CODE_SIGN_IDENTITY = "iPhone Developer";
				"CODE_SIGN_IDENTITY[sdk=iphoneos*]" = "iPhone Distribution: Roozbeh Zabihollahi";
				GCC_PRECOMPILE_PREFIX_HEADER = YES;
				GCC_PREFIX_HEADER = "Ask Hafez iPad/Ask Hafez iPad-Prefix.pch";
				INFOPLIST_FILE = "Ask Hafez iPad/Ask Hafez iPad-Info.plist";
				IPHONEOS_DEPLOYMENT_TARGET = 7.0;
				LIBRARY_SEARCH_PATHS = (
					"$(inherited)",
					"\"$(SRCROOT)/AskHafezNative4\"",
					"$(PROJECT_DIR)/GoogleAnalyticsServicesiOS_3.09",
				);
				PRODUCT_NAME = "$(TARGET_NAME)";
				PROVISIONING_PROFILE = "42f1b66a-245b-47ce-a7ee-af8669f473b8";
				"PROVISIONING_PROFILE[sdk=iphoneos*]" = "42f1b66a-245b-47ce-a7ee-af8669f473b8";
				TARGETED_DEVICE_FAMILY = 2;
				WRAPPER_EXTENSION = app;
			};
			name = Release;
		};
		BD0E8AFE1657526A00E3344E /* Debug */ = {
			isa = XCBuildConfiguration;
			buildSettings = {
				BUNDLE_LOADER = "$(BUILT_PRODUCTS_DIR)/Ask Hafez iPad.app/Ask Hafez iPad";
				FRAMEWORK_SEARCH_PATHS = (
					"$(SDKROOT)/Developer/Library/Frameworks",
					"$(inherited)",
				);
				GCC_PRECOMPILE_PREFIX_HEADER = YES;
				GCC_PREFIX_HEADER = "Ask Hafez iPad/Ask Hafez iPad-Prefix.pch";
				INFOPLIST_FILE = "Ask Hafez iPadTests/Ask Hafez iPadTests-Info.plist";
				IPHONEOS_DEPLOYMENT_TARGET = 5.0;
				PRODUCT_NAME = "$(TARGET_NAME)";
				TEST_HOST = "$(BUNDLE_LOADER)";
			};
			name = Debug;
		};
		BD0E8AFF1657526A00E3344E /* Release */ = {
			isa = XCBuildConfiguration;
			buildSettings = {
				BUNDLE_LOADER = "$(BUILT_PRODUCTS_DIR)/Ask Hafez iPad.app/Ask Hafez iPad";
				FRAMEWORK_SEARCH_PATHS = (
					"$(SDKROOT)/Developer/Library/Frameworks",
					"$(inherited)",
				);
				GCC_PRECOMPILE_PREFIX_HEADER = YES;
				GCC_PREFIX_HEADER = "Ask Hafez iPad/Ask Hafez iPad-Prefix.pch";
				INFOPLIST_FILE = "Ask Hafez iPadTests/Ask Hafez iPadTests-Info.plist";
				IPHONEOS_DEPLOYMENT_TARGET = 5.0;
				PRODUCT_NAME = "$(TARGET_NAME)";
				TEST_HOST = "$(BUNDLE_LOADER)";
			};
			name = Release;
		};
		BDF5DC3416477AB100A731A1 /* Debug */ = {
			isa = XCBuildConfiguration;
			buildSettings = {
				ALWAYS_SEARCH_USER_PATHS = NO;
				ARCHS = (
					"$(ARCHS_STANDARD_32_BIT)",
					armv7s,
					armv7,
					armv6,
				);
				CLANG_ENABLE_OBJC_ARC = YES;
				CODE_SIGN_IDENTITY = "iPhone Distribution: Roozbeh Zabihollahi";
				"CODE_SIGN_IDENTITY[sdk=iphoneos*]" = "iPhone Distribution: Roozbeh Zabihollahi";
				COPY_PHASE_STRIP = NO;
				GCC_C_LANGUAGE_STANDARD = gnu99;
				GCC_DYNAMIC_NO_PIC = NO;
				GCC_OPTIMIZATION_LEVEL = 0;
				GCC_PREPROCESSOR_DEFINITIONS = (
					"DEBUG=1",
					"$(inherited)",
				);
				GCC_SYMBOLS_PRIVATE_EXTERN = NO;
				GCC_VERSION = com.apple.compilers.llvm.clang.1_0;
				GCC_WARN_ABOUT_MISSING_PROTOTYPES = YES;
				GCC_WARN_ABOUT_RETURN_TYPE = YES;
				GCC_WARN_UNUSED_VARIABLE = YES;
				IPHONEOS_DEPLOYMENT_TARGET = 3.0;
				PROVISIONING_PROFILE = "3DE5646D-FE3A-42C1-8D96-795CAC4FD71D";
				"PROVISIONING_PROFILE[sdk=iphoneos*]" = "3DE5646D-FE3A-42C1-8D96-795CAC4FD71D";
				SDKROOT = iphoneos;
			};
			name = Debug;
		};
		BDF5DC3516477AB100A731A1 /* Release */ = {
			isa = XCBuildConfiguration;
			buildSettings = {
				ALWAYS_SEARCH_USER_PATHS = NO;
				ARCHS = (
					"$(ARCHS_STANDARD_32_BIT)",
					armv7s,
					armv6,
				);
				CLANG_ENABLE_OBJC_ARC = YES;
				CODE_SIGN_IDENTITY = "iPhone Distribution: Roozbeh Zabihollahi";
				"CODE_SIGN_IDENTITY[sdk=iphoneos*]" = "iPhone Distribution: Roozbeh Zabihollahi";
				COPY_PHASE_STRIP = YES;
				GCC_C_LANGUAGE_STANDARD = gnu99;
				GCC_VERSION = com.apple.compilers.llvm.clang.1_0;
				GCC_WARN_ABOUT_MISSING_PROTOTYPES = YES;
				GCC_WARN_ABOUT_RETURN_TYPE = YES;
				GCC_WARN_UNUSED_VARIABLE = YES;
				IPHONEOS_DEPLOYMENT_TARGET = 3.0;
				OTHER_CFLAGS = "-DNS_BLOCK_ASSERTIONS=1";
				PROVISIONING_PROFILE = "3DE5646D-FE3A-42C1-8D96-795CAC4FD71D";
				"PROVISIONING_PROFILE[sdk=iphoneos*]" = "3DE5646D-FE3A-42C1-8D96-795CAC4FD71D";
				SDKROOT = iphoneos;
				VALIDATE_PRODUCT = YES;
			};
			name = Release;
		};
		BDF5DC3716477AB100A731A1 /* Debug */ = {
			isa = XCBuildConfiguration;
			baseConfigurationReference = 2A0336AC34EB2812E9926167 /* Pods.debug.xcconfig */;
			buildSettings = {
				ARCHS = "$(ARCHS_STANDARD)";
				ASSETCATALOG_COMPILER_APPICON_NAME = iPadIcon;
				ASSETCATALOG_COMPILER_LAUNCHIMAGE_NAME = LaunchImage;
				CLANG_ENABLE_MODULES = YES;
				CODE_SIGN_IDENTITY = "";
				"CODE_SIGN_IDENTITY[sdk=iphoneos*]" = "";
				ENABLE_BITCODE = NO;
				FRAMEWORK_SEARCH_PATHS = (
					"$(inherited)",
					"$(PROJECT_DIR)/Pods/Google-Mobile-Ads-SDK/GoogleMobileAdsSdkiOS-7.0.0",
					"$(PROJECT_DIR)",
				);
				GCC_PRECOMPILE_PREFIX_HEADER = YES;
				GCC_PREFIX_HEADER = "AskHafezNative4/AskHafezNative4-Prefix.pch";
				INFOPLIST_FILE = "AskHafezNative4/AskHafezNative4-Info.plist";
				IPHONEOS_DEPLOYMENT_TARGET = 7.0;
				LIBRARY_SEARCH_PATHS = (
					"$(inherited)",
					"\"$(SRCROOT)/AskHafezNative4\"",
					"\"$(PROJECT_DIR)/Pods/build/Debug-iphoneos\"",
					"\"$(PROJECT_DIR)/Pods/Google-Mobile-Ads-SDK/GoogleMobileAdsSdkiOS-6.12.0\"",
					"$(PROJECT_DIR)/Pods/build/Debug-iphoneos",
					"${SOURCE_ROOT}/Framework/Classes",
					"$(PROJECT_DIR)/GoogleAnalyticsServicesiOS_3.09",
				);
				ONLY_ACTIVE_ARCH = YES;
				PRODUCT_NAME = "$(TARGET_NAME)";
				PROVISIONING_PROFILE = "713fd019-6c6b-4423-ac20-9afe19c32932";
				TARGETED_DEVICE_FAMILY = "1,2";
				WRAPPER_EXTENSION = app;
			};
			name = Debug;
		};
		BDF5DC3816477AB100A731A1 /* Release */ = {
			isa = XCBuildConfiguration;
			baseConfigurationReference = 668EF0960EA400E49BD80DDB /* Pods.release.xcconfig */;
			buildSettings = {
				ARCHS = "$(ARCHS_STANDARD)";
				ASSETCATALOG_COMPILER_APPICON_NAME = iPadIcon;
				ASSETCATALOG_COMPILER_LAUNCHIMAGE_NAME = LaunchImage;
				CLANG_ENABLE_MODULES = YES;
				CODE_SIGN_IDENTITY = "";
				"CODE_SIGN_IDENTITY[sdk=iphoneos*]" = "";
				ENABLE_BITCODE = NO;
				FRAMEWORK_SEARCH_PATHS = (
					"$(inherited)",
					"$(PROJECT_DIR)/Pods/Google-Mobile-Ads-SDK/GoogleMobileAdsSdkiOS-7.0.0",
					"$(PROJECT_DIR)",
				);
				GCC_PRECOMPILE_PREFIX_HEADER = YES;
				GCC_PREFIX_HEADER = "AskHafezNative4/AskHafezNative4-Prefix.pch";
				INFOPLIST_FILE = "AskHafezNative4/AskHafezNative4-Info.plist";
				IPHONEOS_DEPLOYMENT_TARGET = 7.0;
				LIBRARY_SEARCH_PATHS = (
					"$(inherited)",
					"\"$(SRCROOT)/AskHafezNative4\"",
					"\"$(PROJECT_DIR)/Pods/build/Debug-iphoneos\"",
					"\"$(PROJECT_DIR)/Pods/Google-Mobile-Ads-SDK/GoogleMobileAdsSdkiOS-6.12.0\"",
					"$(PROJECT_DIR)/Pods/build/Debug-iphoneos",
					"${SOURCE_ROOT}/Framework/Classes",
					"$(PROJECT_DIR)/GoogleAnalyticsServicesiOS_3.09",
				);
				PRODUCT_NAME = "$(TARGET_NAME)";
				PROVISIONING_PROFILE = "713fd019-6c6b-4423-ac20-9afe19c32932";
				TARGETED_DEVICE_FAMILY = "1,2";
				WRAPPER_EXTENSION = app;
			};
			name = Release;
		};
/* End XCBuildConfiguration section */

/* Begin XCConfigurationList section */
		BD0E8AFA1657526A00E3344E /* Build configuration list for PBXNativeTarget "Ask Hafez iPad" */ = {
			isa = XCConfigurationList;
			buildConfigurations = (
				BD0E8AFB1657526A00E3344E /* Debug */,
				BD0E8AFC1657526A00E3344E /* Release */,
			);
			defaultConfigurationIsVisible = 0;
			defaultConfigurationName = Release;
		};
		BD0E8AFD1657526A00E3344E /* Build configuration list for PBXNativeTarget "Ask Hafez iPadTests" */ = {
			isa = XCConfigurationList;
			buildConfigurations = (
				BD0E8AFE1657526A00E3344E /* Debug */,
				BD0E8AFF1657526A00E3344E /* Release */,
			);
			defaultConfigurationIsVisible = 0;
			defaultConfigurationName = Release;
		};
		BDF5DBEF16477AAE00A731A1 /* Build configuration list for PBXProject "AskHafezNative4" */ = {
			isa = XCConfigurationList;
			buildConfigurations = (
				BDF5DC3416477AB100A731A1 /* Debug */,
				BDF5DC3516477AB100A731A1 /* Release */,
			);
			defaultConfigurationIsVisible = 0;
			defaultConfigurationName = Release;
		};
		BDF5DC3616477AB100A731A1 /* Build configuration list for PBXNativeTarget "AskHafezNative4" */ = {
			isa = XCConfigurationList;
			buildConfigurations = (
				BDF5DC3716477AB100A731A1 /* Debug */,
				BDF5DC3816477AB100A731A1 /* Release */,
			);
			defaultConfigurationIsVisible = 0;
			defaultConfigurationName = Release;
		};
/* End XCConfigurationList section */
	};
	rootObject = BDF5DBEC16477AAE00A731A1 /* Project object */;
}
